// !$*UTF8*$!
{
	archiveVersion = 1;
	classes = {
	};
	objectVersion = 55;
	objects = {

/* Begin PBXBuildFile section */
		17BEDDF328559A71001AF6BC /* AppDelegate.swift in Sources */ = {isa = PBXBuildFile; fileRef = 17BEDDF228559A71001AF6BC /* AppDelegate.swift */; };
		17BEDDF528559A71001AF6BC /* SceneDelegate.swift in Sources */ = {isa = PBXBuildFile; fileRef = 17BEDDF428559A71001AF6BC /* SceneDelegate.swift */; };
		17BEDDFA28559A71001AF6BC /* Main.storyboard in Resources */ = {isa = PBXBuildFile; fileRef = 17BEDDF828559A71001AF6BC /* Main.storyboard */; };
		17BEDDFD28559A71001AF6BC /* Walkie_Talkie_POC.xcdatamodeld in Sources */ = {isa = PBXBuildFile; fileRef = 17BEDDFB28559A71001AF6BC /* Walkie_Talkie_POC.xcdatamodeld */; };
		17BEDDFF28559A75001AF6BC /* Assets.xcassets in Resources */ = {isa = PBXBuildFile; fileRef = 17BEDDFE28559A75001AF6BC /* Assets.xcassets */; };
		17BEDE0228559A75001AF6BC /* LaunchScreen.storyboard in Resources */ = {isa = PBXBuildFile; fileRef = 17BEDE0028559A75001AF6BC /* LaunchScreen.storyboard */; };
		17BEDE0D28559A75001AF6BC /* Walkie_Talkie_POCTests.swift in Sources */ = {isa = PBXBuildFile; fileRef = 17BEDE0C28559A75001AF6BC /* Walkie_Talkie_POCTests.swift */; };
		17BEDE1728559A75001AF6BC /* Walkie_Talkie_POCUITests.swift in Sources */ = {isa = PBXBuildFile; fileRef = 17BEDE1628559A75001AF6BC /* Walkie_Talkie_POCUITests.swift */; };
		17BEDE1928559A75001AF6BC /* Walkie_Talkie_POCUITestsLaunchTests.swift in Sources */ = {isa = PBXBuildFile; fileRef = 17BEDE1828559A75001AF6BC /* Walkie_Talkie_POCUITestsLaunchTests.swift */; };
		17BEDE2828559A9D001AF6BC /* LoginView.xib in Resources */ = {isa = PBXBuildFile; fileRef = 17BEDE2728559A9D001AF6BC /* LoginView.xib */; };
		17BEDE2A28559AAD001AF6BC /* LoginView.swift in Sources */ = {isa = PBXBuildFile; fileRef = 17BEDE2928559AAD001AF6BC /* LoginView.swift */; };
		17CBCD6B288A3ACB00410648 /* Login.swift in Sources */ = {isa = PBXBuildFile; fileRef = 17CBCD6A288A3ACB00410648 /* Login.swift */; };
		17CBCD6E288A46F900410648 /* TextfieldExtension.swift in Sources */ = {isa = PBXBuildFile; fileRef = 17CBCD6D288A46F900410648 /* TextfieldExtension.swift */; };
		770A624A28CB25C0004AFEC6 /* SideMenuViewController.xib in Resources */ = {isa = PBXBuildFile; fileRef = 770A624928CB25C0004AFEC6 /* SideMenuViewController.xib */; };
		770A625028CB26B9004AFEC6 /* ListRoomViewController.xib in Resources */ = {isa = PBXBuildFile; fileRef = 770A624F28CB26B9004AFEC6 /* ListRoomViewController.xib */; };
		770AAEF428975D2600D53378 /* ListRoomView.swift in Sources */ = {isa = PBXBuildFile; fileRef = 770AAEF328975D2600D53378 /* ListRoomView.swift */; };
		770AAEF628975D3800D53378 /* ListRoomView.xib in Resources */ = {isa = PBXBuildFile; fileRef = 770AAEF528975D3800D53378 /* ListRoomView.xib */; };
		771FB85428C5B4DD006A2817 /* ListRoomModel.swift in Sources */ = {isa = PBXBuildFile; fileRef = 771FB85328C5B4DD006A2817 /* ListRoomModel.swift */; };
		77C243DA28CED41200DF8874 /* GettingRoomList.swift in Sources */ = {isa = PBXBuildFile; fileRef = 77C243D928CED41200DF8874 /* GettingRoomList.swift */; };
		77C243DD28CEE06C00DF8874 /* RoomGateway.swift in Sources */ = {isa = PBXBuildFile; fileRef = 77C243DC28CEE06C00DF8874 /* RoomGateway.swift */; };
		77C243DF28CEE0B200DF8874 /* GetPageDto.swift in Sources */ = {isa = PBXBuildFile; fileRef = 77C243DE28CEE0B200DF8874 /* GetPageDto.swift */; };
		77C243E228CEE2B800DF8874 /* API+Room.swift in Sources */ = {isa = PBXBuildFile; fileRef = 77C243E128CEE2B800DF8874 /* API+Room.swift */; };
		77C243E428CEE35900DF8874 /* APIService.swift in Sources */ = {isa = PBXBuildFile; fileRef = 77C243E328CEE35900DF8874 /* APIService.swift */; };
		77C243E628CEE39400DF8874 /* APIInput.swift in Sources */ = {isa = PBXBuildFile; fileRef = 77C243E528CEE39400DF8874 /* APIInput.swift */; };
		77C243E828CEE39D00DF8874 /* APIOutput.swift in Sources */ = {isa = PBXBuildFile; fileRef = 77C243E728CEE39D00DF8874 /* APIOutput.swift */; };
		77C243EA28CEE3CC00DF8874 /* APIError.swift in Sources */ = {isa = PBXBuildFile; fileRef = 77C243E928CEE3CC00DF8874 /* APIError.swift */; };
		77C243EC28CEE4D300DF8874 /* APIUrls.swift in Sources */ = {isa = PBXBuildFile; fileRef = 77C243EB28CEE4D300DF8874 /* APIUrls.swift */; };
		77C4ADFD28921F83004AC8BF /* VCExtensions.swift in Sources */ = {isa = PBXBuildFile; fileRef = 77C4ADFC28921F83004AC8BF /* VCExtensions.swift */; };
		77C4AE042892427C004AC8BF /* ListRoomViewController.swift in Sources */ = {isa = PBXBuildFile; fileRef = 77C4AE032892427C004AC8BF /* ListRoomViewController.swift */; };
		77C4AE0628924981004AC8BF /* NavCustomButton.swift in Sources */ = {isa = PBXBuildFile; fileRef = 77C4AE0528924981004AC8BF /* NavCustomButton.swift */; };
		77C4AE0828924ED9004AC8BF /* Color.swift in Sources */ = {isa = PBXBuildFile; fileRef = 77C4AE0728924ED9004AC8BF /* Color.swift */; };
		77D453B32892959B0046EA68 /* SideMenu.xib in Resources */ = {isa = PBXBuildFile; fileRef = 77D453B22892959B0046EA68 /* SideMenu.xib */; };
		77D453B5289295A70046EA68 /* SideMenu.swift in Sources */ = {isa = PBXBuildFile; fileRef = 77D453B4289295A70046EA68 /* SideMenu.swift */; };
		77D453B7289297630046EA68 /* SideMenuController.swift in Sources */ = {isa = PBXBuildFile; fileRef = 77D453B6289297630046EA68 /* SideMenuController.swift */; };
		77D607B528A1F2150034484E /* ContainerVC.swift in Sources */ = {isa = PBXBuildFile; fileRef = 77D607B428A1F2150034484E /* ContainerVC.swift */; };
		77D607B828A1F3190034484E /* BaseNavigationController.swift in Sources */ = {isa = PBXBuildFile; fileRef = 77D607B728A1F3190034484E /* BaseNavigationController.swift */; };
		77D607BA28A1F3290034484E /* BaseTabBarController.swift in Sources */ = {isa = PBXBuildFile; fileRef = 77D607B928A1F3290034484E /* BaseTabBarController.swift */; };
		77D607BE28A1F43A0034484E /* Image.swift in Sources */ = {isa = PBXBuildFile; fileRef = 77D607BD28A1F43A0034484E /* Image.swift */; };
		77D607C028A1F44A0034484E /* Name.swift in Sources */ = {isa = PBXBuildFile; fileRef = 77D607BF28A1F44A0034484E /* Name.swift */; };
		77D607C228A1F4550034484E /* SizeScreen.swift in Sources */ = {isa = PBXBuildFile; fileRef = 77D607C128A1F4550034484E /* SizeScreen.swift */; };
		77D607C428A1F5C50034484E /* CollectionViewExtension.swift in Sources */ = {isa = PBXBuildFile; fileRef = 77D607C328A1F5C50034484E /* CollectionViewExtension.swift */; };
		77D607C628A1F5D60034484E /* ColorExtension.swift in Sources */ = {isa = PBXBuildFile; fileRef = 77D607C528A1F5D60034484E /* ColorExtension.swift */; };
		77D607C828A1F5F70034484E /* TableViewExtension.swift in Sources */ = {isa = PBXBuildFile; fileRef = 77D607C728A1F5F70034484E /* TableViewExtension.swift */; };
		77D607CA28A1F60F0034484E /* UIViewExtension.swift in Sources */ = {isa = PBXBuildFile; fileRef = 77D607C928A1F60F0034484E /* UIViewExtension.swift */; };
		77D607CC28A1F6200034484E /* StringExtension.swift in Sources */ = {isa = PBXBuildFile; fileRef = 77D607CB28A1F6200034484E /* StringExtension.swift */; };
		77D607CE28A1F6350034484E /* UIStoryboardExtension.swift in Sources */ = {isa = PBXBuildFile; fileRef = 77D607CD28A1F6350034484E /* UIStoryboardExtension.swift */; };
		77D607D128A1F8A40034484E /* Logger.swift in Sources */ = {isa = PBXBuildFile; fileRef = 77D607D028A1F8A40034484E /* Logger.swift */; };
		77D607D328A1F8B80034484E /* Config.swift in Sources */ = {isa = PBXBuildFile; fileRef = 77D607D228A1F8B80034484E /* Config.swift */; };
		77DDA18428BEFED00034F21F /* ListRoomCell.swift in Sources */ = {isa = PBXBuildFile; fileRef = 77DDA18228BEFED00034F21F /* ListRoomCell.swift */; };
		77DDA18528BEFED00034F21F /* ListRoomCell.xib in Resources */ = {isa = PBXBuildFile; fileRef = 77DDA18328BEFED00034F21F /* ListRoomCell.xib */; };
		77DDA18728BF06F70034F21F /* BaseViewController.swift in Sources */ = {isa = PBXBuildFile; fileRef = 77DDA18628BF06F70034F21F /* BaseViewController.swift */; };
		77DDA18A28BF08860034F21F /* SideMenuViewModel.swift in Sources */ = {isa = PBXBuildFile; fileRef = 77DDA18928BF08860034F21F /* SideMenuViewModel.swift */; };
		77DDA18C28BF08940034F21F /* ListRoomViewModel.swift in Sources */ = {isa = PBXBuildFile; fileRef = 77DDA18B28BF08940034F21F /* ListRoomViewModel.swift */; };
		77DDA18E28BF0A0E0034F21F /* LoginViewModel.swift in Sources */ = {isa = PBXBuildFile; fileRef = 77DDA18D28BF0A0E0034F21F /* LoginViewModel.swift */; };
		77F2B7E228C6EB0400E56A5F /* ApiCommand.swift in Sources */ = {isa = PBXBuildFile; fileRef = 77F2B7E128C6EB0400E56A5F /* ApiCommand.swift */; };
		77F2B7E428C6EB5200E56A5F /* ErrorApp.swift in Sources */ = {isa = PBXBuildFile; fileRef = 77F2B7E328C6EB5200E56A5F /* ErrorApp.swift */; };
		77F2B7E728C6EBAF00E56A5F /* ApiResultPaging.swift in Sources */ = {isa = PBXBuildFile; fileRef = 77F2B7E628C6EBAF00E56A5F /* ApiResultPaging.swift */; };
		77F2B7E928C6EC2100E56A5F /* ApiParser.swift in Sources */ = {isa = PBXBuildFile; fileRef = 77F2B7E828C6EC2100E56A5F /* ApiParser.swift */; };
		77F2B7EC28C6ECA400E56A5F /* Helper.swift in Sources */ = {isa = PBXBuildFile; fileRef = 77F2B7EB28C6ECA400E56A5F /* Helper.swift */; };
		77F2B7EE28C6ECCB00E56A5F /* LocalData.swift in Sources */ = {isa = PBXBuildFile; fileRef = 77F2B7ED28C6ECCB00E56A5F /* LocalData.swift */; };
		77F2B7F028C6ED3500E56A5F /* User.swift in Sources */ = {isa = PBXBuildFile; fileRef = 77F2B7EF28C6ED3500E56A5F /* User.swift */; };
		77F2B7F228C6ED9F00E56A5F /* AppApi.swift in Sources */ = {isa = PBXBuildFile; fileRef = 77F2B7F128C6ED9F00E56A5F /* AppApi.swift */; };
		77F2B7F428C6EDF400E56A5F /* Util.swift in Sources */ = {isa = PBXBuildFile; fileRef = 77F2B7F328C6EDF400E56A5F /* Util.swift */; };
		77F2B7F828C6F2C200E56A5F /* ApiOperations.swift in Sources */ = {isa = PBXBuildFile; fileRef = 77F2B7F728C6F2C200E56A5F /* ApiOperations.swift */; };
		77F2B7FA28C6FA5F00E56A5F /* SessionExtension.swift in Sources */ = {isa = PBXBuildFile; fileRef = 77F2B7F928C6FA5F00E56A5F /* SessionExtension.swift */; };
		F1729241A6D53D4310ED9359 /* Pods_Walkie_Talkie_POCTests.framework in Frameworks */ = {isa = PBXBuildFile; fileRef = A3566452D25B4AFE71655DE6 /* Pods_Walkie_Talkie_POCTests.framework */; };
		F3BD2886665BF54E7F949AFB /* Pods_Walkie_Talkie_POC.framework in Frameworks */ = {isa = PBXBuildFile; fileRef = 4798C11900083FAE6A048C18 /* Pods_Walkie_Talkie_POC.framework */; };
/* End PBXBuildFile section */

/* Begin PBXContainerItemProxy section */
		17BEDE0928559A75001AF6BC /* PBXContainerItemProxy */ = {
			isa = PBXContainerItemProxy;
			containerPortal = 17BEDDE728559A71001AF6BC /* Project object */;
			proxyType = 1;
			remoteGlobalIDString = 17BEDDEE28559A71001AF6BC;
			remoteInfo = "Walkie-Talkie POC";
		};
		17BEDE1328559A75001AF6BC /* PBXContainerItemProxy */ = {
			isa = PBXContainerItemProxy;
			containerPortal = 17BEDDE728559A71001AF6BC /* Project object */;
			proxyType = 1;
			remoteGlobalIDString = 17BEDDEE28559A71001AF6BC;
			remoteInfo = "Walkie-Talkie POC";
		};
/* End PBXContainerItemProxy section */

/* Begin PBXFileReference section */
		17BEDDEF28559A71001AF6BC /* Walkie-Talkie POC.app */ = {isa = PBXFileReference; explicitFileType = wrapper.application; includeInIndex = 0; path = "Walkie-Talkie POC.app"; sourceTree = BUILT_PRODUCTS_DIR; };
		17BEDDF228559A71001AF6BC /* AppDelegate.swift */ = {isa = PBXFileReference; lastKnownFileType = sourcecode.swift; path = AppDelegate.swift; sourceTree = "<group>"; };
		17BEDDF428559A71001AF6BC /* SceneDelegate.swift */ = {isa = PBXFileReference; lastKnownFileType = sourcecode.swift; path = SceneDelegate.swift; sourceTree = "<group>"; };
		17BEDDF928559A71001AF6BC /* Base */ = {isa = PBXFileReference; lastKnownFileType = file.storyboard; name = Base; path = Base.lproj/Main.storyboard; sourceTree = "<group>"; };
		17BEDDFC28559A71001AF6BC /* Walkie_Talkie_POC.xcdatamodel */ = {isa = PBXFileReference; lastKnownFileType = wrapper.xcdatamodel; path = Walkie_Talkie_POC.xcdatamodel; sourceTree = "<group>"; };
		17BEDDFE28559A75001AF6BC /* Assets.xcassets */ = {isa = PBXFileReference; lastKnownFileType = folder.assetcatalog; path = Assets.xcassets; sourceTree = "<group>"; };
		17BEDE0128559A75001AF6BC /* Base */ = {isa = PBXFileReference; lastKnownFileType = file.storyboard; name = Base; path = Base.lproj/LaunchScreen.storyboard; sourceTree = "<group>"; };
		17BEDE0328559A75001AF6BC /* Info.plist */ = {isa = PBXFileReference; lastKnownFileType = text.plist.xml; path = Info.plist; sourceTree = "<group>"; };
		17BEDE0828559A75001AF6BC /* Walkie-Talkie POCTests.xctest */ = {isa = PBXFileReference; explicitFileType = wrapper.cfbundle; includeInIndex = 0; path = "Walkie-Talkie POCTests.xctest"; sourceTree = BUILT_PRODUCTS_DIR; };
		17BEDE0C28559A75001AF6BC /* Walkie_Talkie_POCTests.swift */ = {isa = PBXFileReference; lastKnownFileType = sourcecode.swift; path = Walkie_Talkie_POCTests.swift; sourceTree = "<group>"; };
		17BEDE1228559A75001AF6BC /* Walkie-Talkie POCUITests.xctest */ = {isa = PBXFileReference; explicitFileType = wrapper.cfbundle; includeInIndex = 0; path = "Walkie-Talkie POCUITests.xctest"; sourceTree = BUILT_PRODUCTS_DIR; };
		17BEDE1628559A75001AF6BC /* Walkie_Talkie_POCUITests.swift */ = {isa = PBXFileReference; lastKnownFileType = sourcecode.swift; path = Walkie_Talkie_POCUITests.swift; sourceTree = "<group>"; };
		17BEDE1828559A75001AF6BC /* Walkie_Talkie_POCUITestsLaunchTests.swift */ = {isa = PBXFileReference; lastKnownFileType = sourcecode.swift; path = Walkie_Talkie_POCUITestsLaunchTests.swift; sourceTree = "<group>"; };
		17BEDE2728559A9D001AF6BC /* LoginView.xib */ = {isa = PBXFileReference; lastKnownFileType = file.xib; path = LoginView.xib; sourceTree = "<group>"; };
		17BEDE2928559AAD001AF6BC /* LoginView.swift */ = {isa = PBXFileReference; lastKnownFileType = sourcecode.swift; path = LoginView.swift; sourceTree = "<group>"; };
		17CBCD6A288A3ACB00410648 /* Login.swift */ = {isa = PBXFileReference; lastKnownFileType = sourcecode.swift; path = Login.swift; sourceTree = "<group>"; };
		17CBCD6D288A46F900410648 /* TextfieldExtension.swift */ = {isa = PBXFileReference; lastKnownFileType = sourcecode.swift; path = TextfieldExtension.swift; sourceTree = "<group>"; };
		23089D8B249783E75815B86E /* Pods-Walkie-Talkie POCTests.release.xcconfig */ = {isa = PBXFileReference; includeInIndex = 1; lastKnownFileType = text.xcconfig; name = "Pods-Walkie-Talkie POCTests.release.xcconfig"; path = "Target Support Files/Pods-Walkie-Talkie POCTests/Pods-Walkie-Talkie POCTests.release.xcconfig"; sourceTree = "<group>"; };
		4798C11900083FAE6A048C18 /* Pods_Walkie_Talkie_POC.framework */ = {isa = PBXFileReference; explicitFileType = wrapper.framework; includeInIndex = 0; path = Pods_Walkie_Talkie_POC.framework; sourceTree = BUILT_PRODUCTS_DIR; };
		770A624928CB25C0004AFEC6 /* SideMenuViewController.xib */ = {isa = PBXFileReference; lastKnownFileType = file.xib; path = SideMenuViewController.xib; sourceTree = "<group>"; };
		770A624F28CB26B9004AFEC6 /* ListRoomViewController.xib */ = {isa = PBXFileReference; lastKnownFileType = file.xib; path = ListRoomViewController.xib; sourceTree = "<group>"; };
		770AAEF328975D2600D53378 /* ListRoomView.swift */ = {isa = PBXFileReference; lastKnownFileType = sourcecode.swift; path = ListRoomView.swift; sourceTree = "<group>"; };
		770AAEF528975D3800D53378 /* ListRoomView.xib */ = {isa = PBXFileReference; lastKnownFileType = file.xib; path = ListRoomView.xib; sourceTree = "<group>"; };
		771FB85328C5B4DD006A2817 /* ListRoomModel.swift */ = {isa = PBXFileReference; lastKnownFileType = sourcecode.swift; path = ListRoomModel.swift; sourceTree = "<group>"; };
		77C243D928CED41200DF8874 /* GettingRoomList.swift */ = {isa = PBXFileReference; lastKnownFileType = sourcecode.swift; path = GettingRoomList.swift; sourceTree = "<group>"; };
		77C243DC28CEE06C00DF8874 /* RoomGateway.swift */ = {isa = PBXFileReference; lastKnownFileType = sourcecode.swift; path = RoomGateway.swift; sourceTree = "<group>"; };
		77C243DE28CEE0B200DF8874 /* GetPageDto.swift */ = {isa = PBXFileReference; lastKnownFileType = sourcecode.swift; path = GetPageDto.swift; sourceTree = "<group>"; };
		77C243E128CEE2B800DF8874 /* API+Room.swift */ = {isa = PBXFileReference; lastKnownFileType = sourcecode.swift; path = "API+Room.swift"; sourceTree = "<group>"; };
		77C243E328CEE35900DF8874 /* APIService.swift */ = {isa = PBXFileReference; lastKnownFileType = sourcecode.swift; path = APIService.swift; sourceTree = "<group>"; };
		77C243E528CEE39400DF8874 /* APIInput.swift */ = {isa = PBXFileReference; lastKnownFileType = sourcecode.swift; path = APIInput.swift; sourceTree = "<group>"; };
		77C243E728CEE39D00DF8874 /* APIOutput.swift */ = {isa = PBXFileReference; lastKnownFileType = sourcecode.swift; path = APIOutput.swift; sourceTree = "<group>"; };
		77C243E928CEE3CC00DF8874 /* APIError.swift */ = {isa = PBXFileReference; lastKnownFileType = sourcecode.swift; path = APIError.swift; sourceTree = "<group>"; };
		77C243EB28CEE4D300DF8874 /* APIUrls.swift */ = {isa = PBXFileReference; lastKnownFileType = sourcecode.swift; path = APIUrls.swift; sourceTree = "<group>"; };
		77C4ADFC28921F83004AC8BF /* VCExtensions.swift */ = {isa = PBXFileReference; lastKnownFileType = sourcecode.swift; path = VCExtensions.swift; sourceTree = "<group>"; };
		77C4AE032892427C004AC8BF /* ListRoomViewController.swift */ = {isa = PBXFileReference; lastKnownFileType = sourcecode.swift; path = ListRoomViewController.swift; sourceTree = "<group>"; };
		77C4AE0528924981004AC8BF /* NavCustomButton.swift */ = {isa = PBXFileReference; lastKnownFileType = sourcecode.swift; path = NavCustomButton.swift; sourceTree = "<group>"; };
		77C4AE0728924ED9004AC8BF /* Color.swift */ = {isa = PBXFileReference; lastKnownFileType = sourcecode.swift; path = Color.swift; sourceTree = "<group>"; };
		77D453B22892959B0046EA68 /* SideMenu.xib */ = {isa = PBXFileReference; lastKnownFileType = file.xib; path = SideMenu.xib; sourceTree = "<group>"; };
		77D453B4289295A70046EA68 /* SideMenu.swift */ = {isa = PBXFileReference; lastKnownFileType = sourcecode.swift; path = SideMenu.swift; sourceTree = "<group>"; };
		77D453B6289297630046EA68 /* SideMenuController.swift */ = {isa = PBXFileReference; lastKnownFileType = sourcecode.swift; path = SideMenuController.swift; sourceTree = "<group>"; };
		77D607B428A1F2150034484E /* ContainerVC.swift */ = {isa = PBXFileReference; lastKnownFileType = sourcecode.swift; path = ContainerVC.swift; sourceTree = "<group>"; };
		77D607B728A1F3190034484E /* BaseNavigationController.swift */ = {isa = PBXFileReference; lastKnownFileType = sourcecode.swift; path = BaseNavigationController.swift; sourceTree = "<group>"; };
		77D607B928A1F3290034484E /* BaseTabBarController.swift */ = {isa = PBXFileReference; lastKnownFileType = sourcecode.swift; path = BaseTabBarController.swift; sourceTree = "<group>"; };
		77D607BD28A1F43A0034484E /* Image.swift */ = {isa = PBXFileReference; lastKnownFileType = sourcecode.swift; path = Image.swift; sourceTree = "<group>"; };
		77D607BF28A1F44A0034484E /* Name.swift */ = {isa = PBXFileReference; lastKnownFileType = sourcecode.swift; path = Name.swift; sourceTree = "<group>"; };
		77D607C128A1F4550034484E /* SizeScreen.swift */ = {isa = PBXFileReference; lastKnownFileType = sourcecode.swift; path = SizeScreen.swift; sourceTree = "<group>"; };
		77D607C328A1F5C50034484E /* CollectionViewExtension.swift */ = {isa = PBXFileReference; lastKnownFileType = sourcecode.swift; path = CollectionViewExtension.swift; sourceTree = "<group>"; };
		77D607C528A1F5D60034484E /* ColorExtension.swift */ = {isa = PBXFileReference; lastKnownFileType = sourcecode.swift; path = ColorExtension.swift; sourceTree = "<group>"; };
		77D607C728A1F5F70034484E /* TableViewExtension.swift */ = {isa = PBXFileReference; lastKnownFileType = sourcecode.swift; path = TableViewExtension.swift; sourceTree = "<group>"; };
		77D607C928A1F60F0034484E /* UIViewExtension.swift */ = {isa = PBXFileReference; lastKnownFileType = sourcecode.swift; path = UIViewExtension.swift; sourceTree = "<group>"; };
		77D607CB28A1F6200034484E /* StringExtension.swift */ = {isa = PBXFileReference; lastKnownFileType = sourcecode.swift; path = StringExtension.swift; sourceTree = "<group>"; };
		77D607CD28A1F6350034484E /* UIStoryboardExtension.swift */ = {isa = PBXFileReference; lastKnownFileType = sourcecode.swift; path = UIStoryboardExtension.swift; sourceTree = "<group>"; };
		77D607D028A1F8A40034484E /* Logger.swift */ = {isa = PBXFileReference; lastKnownFileType = sourcecode.swift; path = Logger.swift; sourceTree = "<group>"; };
		77D607D228A1F8B80034484E /* Config.swift */ = {isa = PBXFileReference; lastKnownFileType = sourcecode.swift; path = Config.swift; sourceTree = "<group>"; };
		77DDA18228BEFED00034F21F /* ListRoomCell.swift */ = {isa = PBXFileReference; lastKnownFileType = sourcecode.swift; path = ListRoomCell.swift; sourceTree = "<group>"; };
		77DDA18328BEFED00034F21F /* ListRoomCell.xib */ = {isa = PBXFileReference; lastKnownFileType = file.xib; path = ListRoomCell.xib; sourceTree = "<group>"; };
		77DDA18628BF06F70034F21F /* BaseViewController.swift */ = {isa = PBXFileReference; lastKnownFileType = sourcecode.swift; path = BaseViewController.swift; sourceTree = "<group>"; };
		77DDA18928BF08860034F21F /* SideMenuViewModel.swift */ = {isa = PBXFileReference; lastKnownFileType = sourcecode.swift; path = SideMenuViewModel.swift; sourceTree = "<group>"; };
		77DDA18B28BF08940034F21F /* ListRoomViewModel.swift */ = {isa = PBXFileReference; lastKnownFileType = sourcecode.swift; path = ListRoomViewModel.swift; sourceTree = "<group>"; };
		77DDA18D28BF0A0E0034F21F /* LoginViewModel.swift */ = {isa = PBXFileReference; lastKnownFileType = sourcecode.swift; path = LoginViewModel.swift; sourceTree = "<group>"; };
		77F2B7E128C6EB0400E56A5F /* ApiCommand.swift */ = {isa = PBXFileReference; lastKnownFileType = sourcecode.swift; path = ApiCommand.swift; sourceTree = "<group>"; };
		77F2B7E328C6EB5200E56A5F /* ErrorApp.swift */ = {isa = PBXFileReference; lastKnownFileType = sourcecode.swift; path = ErrorApp.swift; sourceTree = "<group>"; };
		77F2B7E628C6EBAF00E56A5F /* ApiResultPaging.swift */ = {isa = PBXFileReference; lastKnownFileType = sourcecode.swift; path = ApiResultPaging.swift; sourceTree = "<group>"; };
		77F2B7E828C6EC2100E56A5F /* ApiParser.swift */ = {isa = PBXFileReference; lastKnownFileType = sourcecode.swift; path = ApiParser.swift; sourceTree = "<group>"; };
		77F2B7EB28C6ECA400E56A5F /* Helper.swift */ = {isa = PBXFileReference; lastKnownFileType = sourcecode.swift; path = Helper.swift; sourceTree = "<group>"; };
		77F2B7ED28C6ECCB00E56A5F /* LocalData.swift */ = {isa = PBXFileReference; lastKnownFileType = sourcecode.swift; path = LocalData.swift; sourceTree = "<group>"; };
		77F2B7EF28C6ED3500E56A5F /* User.swift */ = {isa = PBXFileReference; lastKnownFileType = sourcecode.swift; path = User.swift; sourceTree = "<group>"; };
		77F2B7F128C6ED9F00E56A5F /* AppApi.swift */ = {isa = PBXFileReference; lastKnownFileType = sourcecode.swift; path = AppApi.swift; sourceTree = "<group>"; };
		77F2B7F328C6EDF400E56A5F /* Util.swift */ = {isa = PBXFileReference; lastKnownFileType = sourcecode.swift; path = Util.swift; sourceTree = "<group>"; };
		77F2B7F728C6F2C200E56A5F /* ApiOperations.swift */ = {isa = PBXFileReference; lastKnownFileType = sourcecode.swift; path = ApiOperations.swift; sourceTree = "<group>"; };
		77F2B7F928C6FA5F00E56A5F /* SessionExtension.swift */ = {isa = PBXFileReference; lastKnownFileType = sourcecode.swift; path = SessionExtension.swift; sourceTree = "<group>"; };
		8F4F4B368C09ABFE1A035022 /* Pods-Walkie-Talkie POCTests.debug.xcconfig */ = {isa = PBXFileReference; includeInIndex = 1; lastKnownFileType = text.xcconfig; name = "Pods-Walkie-Talkie POCTests.debug.xcconfig"; path = "Target Support Files/Pods-Walkie-Talkie POCTests/Pods-Walkie-Talkie POCTests.debug.xcconfig"; sourceTree = "<group>"; };
		A3566452D25B4AFE71655DE6 /* Pods_Walkie_Talkie_POCTests.framework */ = {isa = PBXFileReference; explicitFileType = wrapper.framework; includeInIndex = 0; path = Pods_Walkie_Talkie_POCTests.framework; sourceTree = BUILT_PRODUCTS_DIR; };
		BCC738112AE434B6B8A71746 /* Pods-Walkie-Talkie POC.debug.xcconfig */ = {isa = PBXFileReference; includeInIndex = 1; lastKnownFileType = text.xcconfig; name = "Pods-Walkie-Talkie POC.debug.xcconfig"; path = "Target Support Files/Pods-Walkie-Talkie POC/Pods-Walkie-Talkie POC.debug.xcconfig"; sourceTree = "<group>"; };
		C4BF4076EBF577B5812A55BE /* Pods-Walkie-Talkie POC.release.xcconfig */ = {isa = PBXFileReference; includeInIndex = 1; lastKnownFileType = text.xcconfig; name = "Pods-Walkie-Talkie POC.release.xcconfig"; path = "Target Support Files/Pods-Walkie-Talkie POC/Pods-Walkie-Talkie POC.release.xcconfig"; sourceTree = "<group>"; };
/* End PBXFileReference section */

/* Begin PBXFrameworksBuildPhase section */
		17BEDDEC28559A71001AF6BC /* Frameworks */ = {
			isa = PBXFrameworksBuildPhase;
			buildActionMask = 2147483647;
			files = (
				F3BD2886665BF54E7F949AFB /* Pods_Walkie_Talkie_POC.framework in Frameworks */,
			);
			runOnlyForDeploymentPostprocessing = 0;
		};
		17BEDE0528559A75001AF6BC /* Frameworks */ = {
			isa = PBXFrameworksBuildPhase;
			buildActionMask = 2147483647;
			files = (
				F1729241A6D53D4310ED9359 /* Pods_Walkie_Talkie_POCTests.framework in Frameworks */,
			);
			runOnlyForDeploymentPostprocessing = 0;
		};
		17BEDE0F28559A75001AF6BC /* Frameworks */ = {
			isa = PBXFrameworksBuildPhase;
			buildActionMask = 2147483647;
			files = (
			);
			runOnlyForDeploymentPostprocessing = 0;
		};
/* End PBXFrameworksBuildPhase section */

/* Begin PBXGroup section */
		17BEDDE628559A71001AF6BC = {
			isa = PBXGroup;
			children = (
				17BEDDF128559A71001AF6BC /* Walkie-Talkie POC */,
				17BEDE0B28559A75001AF6BC /* Walkie-Talkie POCTests */,
				17BEDE1528559A75001AF6BC /* Walkie-Talkie POCUITests */,
				17BEDDF028559A71001AF6BC /* Products */,
				5CDE577B15E36C7BDB179A8F /* Pods */,
				2DDE7A37F201DA6C9D6F271A /* Frameworks */,
			);
			sourceTree = "<group>";
		};
		17BEDDF028559A71001AF6BC /* Products */ = {
			isa = PBXGroup;
			children = (
				17BEDDEF28559A71001AF6BC /* Walkie-Talkie POC.app */,
				17BEDE0828559A75001AF6BC /* Walkie-Talkie POCTests.xctest */,
				17BEDE1228559A75001AF6BC /* Walkie-Talkie POCUITests.xctest */,
			);
			name = Products;
			sourceTree = "<group>";
		};
		17BEDDF128559A71001AF6BC /* Walkie-Talkie POC */ = {
			isa = PBXGroup;
			children = (
				77C243D428CED32800DF8874 /* Scenes */,
				77C243D328CED32200DF8874 /* Data */,
				77C243D028CED2F900DF8874 /* Domain */,
				77C243CF28CED2EE00DF8874 /* Support */,
				77C243CE28CED2E800DF8874 /* Config */,
				17BEDE0328559A75001AF6BC /* Info.plist */,
				77F87BF428921D05001F22C9 /* Resources */,
				77F87BF128921CA0001F22C9 /* Common */,
				770A624628CAF027004AFEC6 /* Model */,
				17CBCD6C288A46D000410648 /* Utils */,
				17BEDE2528559A7C001AF6BC /* View */,
			);
			path = "Walkie-Talkie POC";
			sourceTree = "<group>";
		};
		17BEDE0B28559A75001AF6BC /* Walkie-Talkie POCTests */ = {
			isa = PBXGroup;
			children = (
				17BEDE0C28559A75001AF6BC /* Walkie_Talkie_POCTests.swift */,
			);
			path = "Walkie-Talkie POCTests";
			sourceTree = "<group>";
		};
		17BEDE1528559A75001AF6BC /* Walkie-Talkie POCUITests */ = {
			isa = PBXGroup;
			children = (
				17BEDE1628559A75001AF6BC /* Walkie_Talkie_POCUITests.swift */,
				17BEDE1828559A75001AF6BC /* Walkie_Talkie_POCUITestsLaunchTests.swift */,
			);
			path = "Walkie-Talkie POCUITests";
			sourceTree = "<group>";
		};
		17BEDE2528559A7C001AF6BC /* View */ = {
			isa = PBXGroup;
			children = (
				17BEDDF828559A71001AF6BC /* Main.storyboard */,
				17BEDE0028559A75001AF6BC /* LaunchScreen.storyboard */,
				77D453AB289294950046EA68 /* SideMenu */,
				770AAEF228975C3600D53378 /* ListRoomView */,
				17BEDE2628559A89001AF6BC /* Login */,
			);
			path = View;
			sourceTree = "<group>";
		};
		17BEDE2628559A89001AF6BC /* Login */ = {
			isa = PBXGroup;
			children = (
				17BEDE2728559A9D001AF6BC /* LoginView.xib */,
				17BEDE2928559AAD001AF6BC /* LoginView.swift */,
			);
			path = Login;
			sourceTree = "<group>";
		};
		17CBCD6C288A46D000410648 /* Utils */ = {
			isa = PBXGroup;
			children = (
				77C4AE0528924981004AC8BF /* NavCustomButton.swift */,
				77F2B7F328C6EDF400E56A5F /* Util.swift */,
			);
			path = Utils;
			sourceTree = "<group>";
		};
		2DDE7A37F201DA6C9D6F271A /* Frameworks */ = {
			isa = PBXGroup;
			children = (
				4798C11900083FAE6A048C18 /* Pods_Walkie_Talkie_POC.framework */,
				A3566452D25B4AFE71655DE6 /* Pods_Walkie_Talkie_POCTests.framework */,
			);
			name = Frameworks;
			sourceTree = "<group>";
		};
		5CDE577B15E36C7BDB179A8F /* Pods */ = {
			isa = PBXGroup;
			children = (
				BCC738112AE434B6B8A71746 /* Pods-Walkie-Talkie POC.debug.xcconfig */,
				C4BF4076EBF577B5812A55BE /* Pods-Walkie-Talkie POC.release.xcconfig */,
				8F4F4B368C09ABFE1A035022 /* Pods-Walkie-Talkie POCTests.debug.xcconfig */,
				23089D8B249783E75815B86E /* Pods-Walkie-Talkie POCTests.release.xcconfig */,
			);
			path = Pods;
			sourceTree = "<group>";
		};
		770A624628CAF027004AFEC6 /* Model */ = {
			isa = PBXGroup;
			children = (
			);
			path = Model;
			sourceTree = "<group>";
		};
		770AAEF228975C3600D53378 /* ListRoomView */ = {
			isa = PBXGroup;
			children = (
				77DDA17F28BEFE6C0034F21F /* ListRoomCell */,
				770AAEF328975D2600D53378 /* ListRoomView.swift */,
				770AAEF528975D3800D53378 /* ListRoomView.xib */,
			);
			path = ListRoomView;
			sourceTree = "<group>";
		};
		77C243CE28CED2E800DF8874 /* Config */ = {
			isa = PBXGroup;
			children = (
				77C243EB28CEE4D300DF8874 /* APIUrls.swift */,
			);
			path = Config;
			sourceTree = "<group>";
		};
		77C243CF28CED2EE00DF8874 /* Support */ = {
			isa = PBXGroup;
			children = (
			);
			path = Support;
			sourceTree = "<group>";
		};
		77C243D028CED2F900DF8874 /* Domain */ = {
			isa = PBXGroup;
			children = (
				77C243D228CED31000DF8874 /* Entities */,
				77C243D128CED30500DF8874 /* UseCases */,
			);
			path = Domain;
			sourceTree = "<group>";
		};
		77C243D128CED30500DF8874 /* UseCases */ = {
			isa = PBXGroup;
			children = (
				77C243D828CED3F800DF8874 /* Room */,
				77C243D728CED3C200DF8874 /* Validations */,
				77C243DE28CEE0B200DF8874 /* GetPageDto.swift */,
			);
			path = UseCases;
			sourceTree = "<group>";
		};
		77C243D228CED31000DF8874 /* Entities */ = {
			isa = PBXGroup;
			children = (
			);
			path = Entities;
			sourceTree = "<group>";
		};
		77C243D328CED32200DF8874 /* Data */ = {
			isa = PBXGroup;
			children = (
				77C243E028CEE2A800DF8874 /* API */,
				77C243DB28CEE05000DF8874 /* Gateways */,
			);
			path = Data;
			sourceTree = "<group>";
		};
		77C243D428CED32800DF8874 /* Scenes */ = {
			isa = PBXGroup;
			children = (
				77F2B7EF28C6ED3500E56A5F /* User.swift */,
				77D607B128A1F1E60034484E /* Login */,
				77D607B228A1F1F60034484E /* Home */,
				77DDA17D28BEF7AA0034F21F /* ListRoom */,
			);
			path = Scenes;
			sourceTree = "<group>";
		};
		77C243D728CED3C200DF8874 /* Validations */ = {
			isa = PBXGroup;
			children = (
			);
			path = Validations;
			sourceTree = "<group>";
		};
		77C243D828CED3F800DF8874 /* Room */ = {
			isa = PBXGroup;
			children = (
				77C243D928CED41200DF8874 /* GettingRoomList.swift */,
			);
			path = Room;
			sourceTree = "<group>";
		};
		77C243DB28CEE05000DF8874 /* Gateways */ = {
			isa = PBXGroup;
			children = (
				77C243DC28CEE06C00DF8874 /* RoomGateway.swift */,
			);
			path = Gateways;
			sourceTree = "<group>";
		};
		77C243E028CEE2A800DF8874 /* API */ = {
			isa = PBXGroup;
			children = (
				77C243E128CEE2B800DF8874 /* API+Room.swift */,
				77C243E328CEE35900DF8874 /* APIService.swift */,
				77C243E528CEE39400DF8874 /* APIInput.swift */,
				77C243E728CEE39D00DF8874 /* APIOutput.swift */,
				77C243E928CEE3CC00DF8874 /* APIError.swift */,
			);
			path = API;
			sourceTree = "<group>";
		};
		77D453AB289294950046EA68 /* SideMenu */ = {
			isa = PBXGroup;
			children = (
				77D453B22892959B0046EA68 /* SideMenu.xib */,
				77D453B4289295A70046EA68 /* SideMenu.swift */,
			);
			path = SideMenu;
			sourceTree = "<group>";
		};
		77D607B128A1F1E60034484E /* Login */ = {
			isa = PBXGroup;
			children = (
				17CBCD6A288A3ACB00410648 /* Login.swift */,
				77DDA18D28BF0A0E0034F21F /* LoginViewModel.swift */,
			);
			path = Login;
			sourceTree = "<group>";
		};
		77D607B228A1F1F60034484E /* Home */ = {
			isa = PBXGroup;
			children = (
				77D607B428A1F2150034484E /* ContainerVC.swift */,
				77DDA17E28BEF7B20034F21F /* SideMenu */,
			);
			path = Home;
			sourceTree = "<group>";
		};
		77D607B628A1F2FB0034484E /* Base */ = {
			isa = PBXGroup;
			children = (
				77D607B728A1F3190034484E /* BaseNavigationController.swift */,
				77D607B928A1F3290034484E /* BaseTabBarController.swift */,
				77DDA18628BF06F70034F21F /* BaseViewController.swift */,
			);
			path = Base;
			sourceTree = "<group>";
		};
		77D607CF28A1F8940034484E /* Service */ = {
			isa = PBXGroup;
			children = (
				77D607D028A1F8A40034484E /* Logger.swift */,
				77D607D228A1F8B80034484E /* Config.swift */,
			);
			path = Service;
			sourceTree = "<group>";
		};
		77DDA17D28BEF7AA0034F21F /* ListRoom */ = {
			isa = PBXGroup;
			children = (
				77C4AE032892427C004AC8BF /* ListRoomViewController.swift */,
				77DDA18B28BF08940034F21F /* ListRoomViewModel.swift */,
				771FB85328C5B4DD006A2817 /* ListRoomModel.swift */,
				770A624F28CB26B9004AFEC6 /* ListRoomViewController.xib */,
			);
			path = ListRoom;
			sourceTree = "<group>";
		};
		77DDA17E28BEF7B20034F21F /* SideMenu */ = {
			isa = PBXGroup;
			children = (
				77D453B6289297630046EA68 /* SideMenuController.swift */,
				77DDA18928BF08860034F21F /* SideMenuViewModel.swift */,
				770A624928CB25C0004AFEC6 /* SideMenuViewController.xib */,
			);
			path = SideMenu;
			sourceTree = "<group>";
		};
		77DDA17F28BEFE6C0034F21F /* ListRoomCell */ = {
			isa = PBXGroup;
			children = (
				77DDA18228BEFED00034F21F /* ListRoomCell.swift */,
				77DDA18328BEFED00034F21F /* ListRoomCell.xib */,
			);
			path = ListRoomCell;
			sourceTree = "<group>";
		};
		77F2B7DF28C6EAEB00E56A5F /* Lib */ = {
			isa = PBXGroup;
			children = (
				77F2B7E028C6EAF300E56A5F /* Request */,
			);
			path = Lib;
			sourceTree = "<group>";
		};
		77F2B7E028C6EAF300E56A5F /* Request */ = {
			isa = PBXGroup;
			children = (
				77F2B7E128C6EB0400E56A5F /* ApiCommand.swift */,
				77F2B7E828C6EC2100E56A5F /* ApiParser.swift */,
				77F2B7E528C6EB8F00E56A5F /* ResponseModel */,
				77F2B7F728C6F2C200E56A5F /* ApiOperations.swift */,
			);
			path = Request;
			sourceTree = "<group>";
		};
		77F2B7E528C6EB8F00E56A5F /* ResponseModel */ = {
			isa = PBXGroup;
			children = (
				77F2B7E628C6EBAF00E56A5F /* ApiResultPaging.swift */,
			);
			path = ResponseModel;
			sourceTree = "<group>";
		};
		77F2B7EA28C6EC9800E56A5F /* Helper */ = {
			isa = PBXGroup;
			children = (
				77F2B7EB28C6ECA400E56A5F /* Helper.swift */,
				77F2B7ED28C6ECCB00E56A5F /* LocalData.swift */,
			);
			path = Helper;
			sourceTree = "<group>";
		};
		77F87BF128921CA0001F22C9 /* Common */ = {
			isa = PBXGroup;
			children = (
				77F2B7EA28C6EC9800E56A5F /* Helper */,
				77F2B7DF28C6EAEB00E56A5F /* Lib */,
				77D607CF28A1F8940034484E /* Service */,
				17BEDDF228559A71001AF6BC /* AppDelegate.swift */,
				17BEDDF428559A71001AF6BC /* SceneDelegate.swift */,
				77D607B628A1F2FB0034484E /* Base */,
				77F87BF328921CBA001F22C9 /* Constants */,
				77F87BF228921CAA001F22C9 /* Extensions */,
			);
			path = Common;
			sourceTree = "<group>";
		};
		77F87BF228921CAA001F22C9 /* Extensions */ = {
			isa = PBXGroup;
			children = (
				17CBCD6D288A46F900410648 /* TextfieldExtension.swift */,
				77C4ADFC28921F83004AC8BF /* VCExtensions.swift */,
				77D607C328A1F5C50034484E /* CollectionViewExtension.swift */,
				77D607C528A1F5D60034484E /* ColorExtension.swift */,
				77D607C728A1F5F70034484E /* TableViewExtension.swift */,
				77D607C928A1F60F0034484E /* UIViewExtension.swift */,
				77D607CB28A1F6200034484E /* StringExtension.swift */,
				77D607CD28A1F6350034484E /* UIStoryboardExtension.swift */,
				77F2B7F928C6FA5F00E56A5F /* SessionExtension.swift */,
			);
			path = Extensions;
			sourceTree = "<group>";
		};
		77F87BF328921CBA001F22C9 /* Constants */ = {
			isa = PBXGroup;
			children = (
				77C4AE0728924ED9004AC8BF /* Color.swift */,
				77D607BD28A1F43A0034484E /* Image.swift */,
				77D607BF28A1F44A0034484E /* Name.swift */,
				77D607C128A1F4550034484E /* SizeScreen.swift */,
				77F2B7E328C6EB5200E56A5F /* ErrorApp.swift */,
				77F2B7F128C6ED9F00E56A5F /* AppApi.swift */,
			);
			path = Constants;
			sourceTree = "<group>";
		};
		77F87BF428921D05001F22C9 /* Resources */ = {
			isa = PBXGroup;
			children = (
				17BEDDFB28559A71001AF6BC /* Walkie_Talkie_POC.xcdatamodeld */,
				17BEDDFE28559A75001AF6BC /* Assets.xcassets */,
			);
			path = Resources;
			sourceTree = "<group>";
		};
/* End PBXGroup section */

/* Begin PBXNativeTarget section */
		17BEDDEE28559A71001AF6BC /* Walkie-Talkie POC */ = {
			isa = PBXNativeTarget;
			buildConfigurationList = 17BEDE1C28559A75001AF6BC /* Build configuration list for PBXNativeTarget "Walkie-Talkie POC" */;
			buildPhases = (
				3881CC9E709253D366710BEB /* [CP] Check Pods Manifest.lock */,
				17BEDDEB28559A71001AF6BC /* Sources */,
				17BEDDEC28559A71001AF6BC /* Frameworks */,
				17BEDDED28559A71001AF6BC /* Resources */,
				49607306EB10EC1AF3CA5007 /* [CP] Embed Pods Frameworks */,
			);
			buildRules = (
			);
			dependencies = (
			);
			name = "Walkie-Talkie POC";
			productName = "Walkie-Talkie POC";
			productReference = 17BEDDEF28559A71001AF6BC /* Walkie-Talkie POC.app */;
			productType = "com.apple.product-type.application";
		};
		17BEDE0728559A75001AF6BC /* Walkie-Talkie POCTests */ = {
			isa = PBXNativeTarget;
			buildConfigurationList = 17BEDE1F28559A75001AF6BC /* Build configuration list for PBXNativeTarget "Walkie-Talkie POCTests" */;
			buildPhases = (
				BEA9F2F30F1B56C684F3DF8D /* [CP] Check Pods Manifest.lock */,
				17BEDE0428559A75001AF6BC /* Sources */,
				17BEDE0528559A75001AF6BC /* Frameworks */,
				17BEDE0628559A75001AF6BC /* Resources */,
				084CCB483576BE14DF93A996 /* [CP] Embed Pods Frameworks */,
			);
			buildRules = (
			);
			dependencies = (
				17BEDE0A28559A75001AF6BC /* PBXTargetDependency */,
			);
			name = "Walkie-Talkie POCTests";
			productName = "Walkie-Talkie POCTests";
			productReference = 17BEDE0828559A75001AF6BC /* Walkie-Talkie POCTests.xctest */;
			productType = "com.apple.product-type.bundle.unit-test";
		};
		17BEDE1128559A75001AF6BC /* Walkie-Talkie POCUITests */ = {
			isa = PBXNativeTarget;
			buildConfigurationList = 17BEDE2228559A75001AF6BC /* Build configuration list for PBXNativeTarget "Walkie-Talkie POCUITests" */;
			buildPhases = (
				17BEDE0E28559A75001AF6BC /* Sources */,
				17BEDE0F28559A75001AF6BC /* Frameworks */,
				17BEDE1028559A75001AF6BC /* Resources */,
			);
			buildRules = (
			);
			dependencies = (
				17BEDE1428559A75001AF6BC /* PBXTargetDependency */,
			);
			name = "Walkie-Talkie POCUITests";
			productName = "Walkie-Talkie POCUITests";
			productReference = 17BEDE1228559A75001AF6BC /* Walkie-Talkie POCUITests.xctest */;
			productType = "com.apple.product-type.bundle.ui-testing";
		};
/* End PBXNativeTarget section */

/* Begin PBXProject section */
		17BEDDE728559A71001AF6BC /* Project object */ = {
			isa = PBXProject;
			attributes = {
				BuildIndependentTargetsInParallel = 1;
				LastSwiftUpdateCheck = 1340;
				LastUpgradeCheck = 1340;
				TargetAttributes = {
					17BEDDEE28559A71001AF6BC = {
						CreatedOnToolsVersion = 13.4;
					};
					17BEDE0728559A75001AF6BC = {
						CreatedOnToolsVersion = 13.4;
						TestTargetID = 17BEDDEE28559A71001AF6BC;
					};
					17BEDE1128559A75001AF6BC = {
						CreatedOnToolsVersion = 13.4;
						TestTargetID = 17BEDDEE28559A71001AF6BC;
					};
				};
			};
			buildConfigurationList = 17BEDDEA28559A71001AF6BC /* Build configuration list for PBXProject "Walkie-Talkie POC" */;
			compatibilityVersion = "Xcode 13.0";
			developmentRegion = en;
			hasScannedForEncodings = 0;
			knownRegions = (
				en,
				Base,
			);
			mainGroup = 17BEDDE628559A71001AF6BC;
			productRefGroup = 17BEDDF028559A71001AF6BC /* Products */;
			projectDirPath = "";
			projectRoot = "";
			targets = (
				17BEDDEE28559A71001AF6BC /* Walkie-Talkie POC */,
				17BEDE0728559A75001AF6BC /* Walkie-Talkie POCTests */,
				17BEDE1128559A75001AF6BC /* Walkie-Talkie POCUITests */,
			);
		};
/* End PBXProject section */

/* Begin PBXResourcesBuildPhase section */
		17BEDDED28559A71001AF6BC /* Resources */ = {
			isa = PBXResourcesBuildPhase;
			buildActionMask = 2147483647;
			files = (
				770A625028CB26B9004AFEC6 /* ListRoomViewController.xib in Resources */,
				770AAEF628975D3800D53378 /* ListRoomView.xib in Resources */,
				17BEDE0228559A75001AF6BC /* LaunchScreen.storyboard in Resources */,
				17BEDDFF28559A75001AF6BC /* Assets.xcassets in Resources */,
				77DDA18528BEFED00034F21F /* ListRoomCell.xib in Resources */,
				770A624A28CB25C0004AFEC6 /* SideMenuViewController.xib in Resources */,
				17BEDE2828559A9D001AF6BC /* LoginView.xib in Resources */,
				77D453B32892959B0046EA68 /* SideMenu.xib in Resources */,
				17BEDDFA28559A71001AF6BC /* Main.storyboard in Resources */,
			);
			runOnlyForDeploymentPostprocessing = 0;
		};
		17BEDE0628559A75001AF6BC /* Resources */ = {
			isa = PBXResourcesBuildPhase;
			buildActionMask = 2147483647;
			files = (
			);
			runOnlyForDeploymentPostprocessing = 0;
		};
		17BEDE1028559A75001AF6BC /* Resources */ = {
			isa = PBXResourcesBuildPhase;
			buildActionMask = 2147483647;
			files = (
			);
			runOnlyForDeploymentPostprocessing = 0;
		};
/* End PBXResourcesBuildPhase section */

/* Begin PBXShellScriptBuildPhase section */
		084CCB483576BE14DF93A996 /* [CP] Embed Pods Frameworks */ = {
			isa = PBXShellScriptBuildPhase;
			buildActionMask = 2147483647;
			files = (
			);
			inputFileListPaths = (
				"${PODS_ROOT}/Target Support Files/Pods-Walkie-Talkie POCTests/Pods-Walkie-Talkie POCTests-frameworks-${CONFIGURATION}-input-files.xcfilelist",
			);
			name = "[CP] Embed Pods Frameworks";
			outputFileListPaths = (
				"${PODS_ROOT}/Target Support Files/Pods-Walkie-Talkie POCTests/Pods-Walkie-Talkie POCTests-frameworks-${CONFIGURATION}-output-files.xcfilelist",
			);
			runOnlyForDeploymentPostprocessing = 0;
			shellPath = /bin/sh;
			shellScript = "\"${PODS_ROOT}/Target Support Files/Pods-Walkie-Talkie POCTests/Pods-Walkie-Talkie POCTests-frameworks.sh\"\n";
			showEnvVarsInLog = 0;
		};
		3881CC9E709253D366710BEB /* [CP] Check Pods Manifest.lock */ = {
			isa = PBXShellScriptBuildPhase;
			buildActionMask = 2147483647;
			files = (
			);
			inputFileListPaths = (
			);
			inputPaths = (
				"${PODS_PODFILE_DIR_PATH}/Podfile.lock",
				"${PODS_ROOT}/Manifest.lock",
			);
			name = "[CP] Check Pods Manifest.lock";
			outputFileListPaths = (
			);
			outputPaths = (
				"$(DERIVED_FILE_DIR)/Pods-Walkie-Talkie POC-checkManifestLockResult.txt",
			);
			runOnlyForDeploymentPostprocessing = 0;
			shellPath = /bin/sh;
			shellScript = "diff \"${PODS_PODFILE_DIR_PATH}/Podfile.lock\" \"${PODS_ROOT}/Manifest.lock\" > /dev/null\nif [ $? != 0 ] ; then\n    # print error to STDERR\n    echo \"error: The sandbox is not in sync with the Podfile.lock. Run 'pod install' or update your CocoaPods installation.\" >&2\n    exit 1\nfi\n# This output is used by Xcode 'outputs' to avoid re-running this script phase.\necho \"SUCCESS\" > \"${SCRIPT_OUTPUT_FILE_0}\"\n";
			showEnvVarsInLog = 0;
		};
		49607306EB10EC1AF3CA5007 /* [CP] Embed Pods Frameworks */ = {
			isa = PBXShellScriptBuildPhase;
			buildActionMask = 2147483647;
			files = (
			);
			inputFileListPaths = (
				"${PODS_ROOT}/Target Support Files/Pods-Walkie-Talkie POC/Pods-Walkie-Talkie POC-frameworks-${CONFIGURATION}-input-files.xcfilelist",
			);
			name = "[CP] Embed Pods Frameworks";
			outputFileListPaths = (
				"${PODS_ROOT}/Target Support Files/Pods-Walkie-Talkie POC/Pods-Walkie-Talkie POC-frameworks-${CONFIGURATION}-output-files.xcfilelist",
			);
			runOnlyForDeploymentPostprocessing = 0;
			shellPath = /bin/sh;
			shellScript = "\"${PODS_ROOT}/Target Support Files/Pods-Walkie-Talkie POC/Pods-Walkie-Talkie POC-frameworks.sh\"\n";
			showEnvVarsInLog = 0;
		};
		BEA9F2F30F1B56C684F3DF8D /* [CP] Check Pods Manifest.lock */ = {
			isa = PBXShellScriptBuildPhase;
			buildActionMask = 2147483647;
			files = (
			);
			inputFileListPaths = (
			);
			inputPaths = (
				"${PODS_PODFILE_DIR_PATH}/Podfile.lock",
				"${PODS_ROOT}/Manifest.lock",
			);
			name = "[CP] Check Pods Manifest.lock";
			outputFileListPaths = (
			);
			outputPaths = (
				"$(DERIVED_FILE_DIR)/Pods-Walkie-Talkie POCTests-checkManifestLockResult.txt",
			);
			runOnlyForDeploymentPostprocessing = 0;
			shellPath = /bin/sh;
			shellScript = "diff \"${PODS_PODFILE_DIR_PATH}/Podfile.lock\" \"${PODS_ROOT}/Manifest.lock\" > /dev/null\nif [ $? != 0 ] ; then\n    # print error to STDERR\n    echo \"error: The sandbox is not in sync with the Podfile.lock. Run 'pod install' or update your CocoaPods installation.\" >&2\n    exit 1\nfi\n# This output is used by Xcode 'outputs' to avoid re-running this script phase.\necho \"SUCCESS\" > \"${SCRIPT_OUTPUT_FILE_0}\"\n";
			showEnvVarsInLog = 0;
		};
/* End PBXShellScriptBuildPhase section */

/* Begin PBXSourcesBuildPhase section */
		17BEDDEB28559A71001AF6BC /* Sources */ = {
			isa = PBXSourcesBuildPhase;
			buildActionMask = 2147483647;
			files = (
				17BEDDFD28559A71001AF6BC /* Walkie_Talkie_POC.xcdatamodeld in Sources */,
				77D607C628A1F5D60034484E /* ColorExtension.swift in Sources */,
				77D607C828A1F5F70034484E /* TableViewExtension.swift in Sources */,
				77D607D128A1F8A40034484E /* Logger.swift in Sources */,
				77F2B7E428C6EB5200E56A5F /* ErrorApp.swift in Sources */,
				77D607CE28A1F6350034484E /* UIStoryboardExtension.swift in Sources */,
				77D607BA28A1F3290034484E /* BaseTabBarController.swift in Sources */,
				77DDA18428BEFED00034F21F /* ListRoomCell.swift in Sources */,
				77D607C428A1F5C50034484E /* CollectionViewExtension.swift in Sources */,
				77D453B5289295A70046EA68 /* SideMenu.swift in Sources */,
				17BEDDF328559A71001AF6BC /* AppDelegate.swift in Sources */,
				77C4AE042892427C004AC8BF /* ListRoomViewController.swift in Sources */,
				77C4AE0828924ED9004AC8BF /* Color.swift in Sources */,
				771FB85428C5B4DD006A2817 /* ListRoomModel.swift in Sources */,
				77D607BE28A1F43A0034484E /* Image.swift in Sources */,
				77F2B7F828C6F2C200E56A5F /* ApiOperations.swift in Sources */,
				17CBCD6B288A3ACB00410648 /* Login.swift in Sources */,
				77C243E828CEE39D00DF8874 /* APIOutput.swift in Sources */,
				77D607B528A1F2150034484E /* ContainerVC.swift in Sources */,
				77F2B7F028C6ED3500E56A5F /* User.swift in Sources */,
				77C243E628CEE39400DF8874 /* APIInput.swift in Sources */,
				77D607C028A1F44A0034484E /* Name.swift in Sources */,
				77F2B7E928C6EC2100E56A5F /* ApiParser.swift in Sources */,
				77C243DA28CED41200DF8874 /* GettingRoomList.swift in Sources */,
				77C243E428CEE35900DF8874 /* APIService.swift in Sources */,
				77C243EA28CEE3CC00DF8874 /* APIError.swift in Sources */,
				17BEDE2A28559AAD001AF6BC /* LoginView.swift in Sources */,
				77DDA18C28BF08940034F21F /* ListRoomViewModel.swift in Sources */,
				77D607D328A1F8B80034484E /* Config.swift in Sources */,
				77F2B7EC28C6ECA400E56A5F /* Helper.swift in Sources */,
				17BEDDF528559A71001AF6BC /* SceneDelegate.swift in Sources */,
				77C243E228CEE2B800DF8874 /* API+Room.swift in Sources */,
				77F2B7F228C6ED9F00E56A5F /* AppApi.swift in Sources */,
				77DDA18E28BF0A0E0034F21F /* LoginViewModel.swift in Sources */,
				77C4ADFD28921F83004AC8BF /* VCExtensions.swift in Sources */,
				77C243DF28CEE0B200DF8874 /* GetPageDto.swift in Sources */,
				77F2B7E228C6EB0400E56A5F /* ApiCommand.swift in Sources */,
				77F2B7E728C6EBAF00E56A5F /* ApiResultPaging.swift in Sources */,
				77D453B7289297630046EA68 /* SideMenuController.swift in Sources */,
				77C243DD28CEE06C00DF8874 /* RoomGateway.swift in Sources */,
				77F2B7F428C6EDF400E56A5F /* Util.swift in Sources */,
				77C4AE0628924981004AC8BF /* NavCustomButton.swift in Sources */,
				77F2B7EE28C6ECCB00E56A5F /* LocalData.swift in Sources */,
				77D607CA28A1F60F0034484E /* UIViewExtension.swift in Sources */,
				77F2B7FA28C6FA5F00E56A5F /* SessionExtension.swift in Sources */,
				77D607B828A1F3190034484E /* BaseNavigationController.swift in Sources */,
				17CBCD6E288A46F900410648 /* TextfieldExtension.swift in Sources */,
				77D607C228A1F4550034484E /* SizeScreen.swift in Sources */,
				77D607CC28A1F6200034484E /* StringExtension.swift in Sources */,
				770AAEF428975D2600D53378 /* ListRoomView.swift in Sources */,
				77C243EC28CEE4D300DF8874 /* APIUrls.swift in Sources */,
				77DDA18A28BF08860034F21F /* SideMenuViewModel.swift in Sources */,
				77DDA18728BF06F70034F21F /* BaseViewController.swift in Sources */,
			);
			runOnlyForDeploymentPostprocessing = 0;
		};
		17BEDE0428559A75001AF6BC /* Sources */ = {
			isa = PBXSourcesBuildPhase;
			buildActionMask = 2147483647;
			files = (
				17BEDE0D28559A75001AF6BC /* Walkie_Talkie_POCTests.swift in Sources */,
			);
			runOnlyForDeploymentPostprocessing = 0;
		};
		17BEDE0E28559A75001AF6BC /* Sources */ = {
			isa = PBXSourcesBuildPhase;
			buildActionMask = 2147483647;
			files = (
				17BEDE1928559A75001AF6BC /* Walkie_Talkie_POCUITestsLaunchTests.swift in Sources */,
				17BEDE1728559A75001AF6BC /* Walkie_Talkie_POCUITests.swift in Sources */,
			);
			runOnlyForDeploymentPostprocessing = 0;
		};
/* End PBXSourcesBuildPhase section */

/* Begin PBXTargetDependency section */
		17BEDE0A28559A75001AF6BC /* PBXTargetDependency */ = {
			isa = PBXTargetDependency;
			target = 17BEDDEE28559A71001AF6BC /* Walkie-Talkie POC */;
			targetProxy = 17BEDE0928559A75001AF6BC /* PBXContainerItemProxy */;
		};
		17BEDE1428559A75001AF6BC /* PBXTargetDependency */ = {
			isa = PBXTargetDependency;
			target = 17BEDDEE28559A71001AF6BC /* Walkie-Talkie POC */;
			targetProxy = 17BEDE1328559A75001AF6BC /* PBXContainerItemProxy */;
		};
/* End PBXTargetDependency section */

/* Begin PBXVariantGroup section */
		17BEDDF828559A71001AF6BC /* Main.storyboard */ = {
			isa = PBXVariantGroup;
			children = (
				17BEDDF928559A71001AF6BC /* Base */,
			);
			name = Main.storyboard;
			sourceTree = "<group>";
		};
		17BEDE0028559A75001AF6BC /* LaunchScreen.storyboard */ = {
			isa = PBXVariantGroup;
			children = (
				17BEDE0128559A75001AF6BC /* Base */,
			);
			name = LaunchScreen.storyboard;
			sourceTree = "<group>";
		};
/* End PBXVariantGroup section */

/* Begin XCBuildConfiguration section */
		17BEDE1A28559A75001AF6BC /* Debug */ = {
			isa = XCBuildConfiguration;
			buildSettings = {
				ALWAYS_SEARCH_USER_PATHS = NO;
				CLANG_ANALYZER_NONNULL = YES;
				CLANG_ANALYZER_NUMBER_OBJECT_CONVERSION = YES_AGGRESSIVE;
				CLANG_CXX_LANGUAGE_STANDARD = "gnu++17";
				CLANG_ENABLE_MODULES = YES;
				CLANG_ENABLE_OBJC_ARC = YES;
				CLANG_ENABLE_OBJC_WEAK = YES;
				CLANG_WARN_BLOCK_CAPTURE_AUTORELEASING = YES;
				CLANG_WARN_BOOL_CONVERSION = YES;
				CLANG_WARN_COMMA = YES;
				CLANG_WARN_CONSTANT_CONVERSION = YES;
				CLANG_WARN_DEPRECATED_OBJC_IMPLEMENTATIONS = YES;
				CLANG_WARN_DIRECT_OBJC_ISA_USAGE = YES_ERROR;
				CLANG_WARN_DOCUMENTATION_COMMENTS = YES;
				CLANG_WARN_EMPTY_BODY = YES;
				CLANG_WARN_ENUM_CONVERSION = YES;
				CLANG_WARN_INFINITE_RECURSION = YES;
				CLANG_WARN_INT_CONVERSION = YES;
				CLANG_WARN_NON_LITERAL_NULL_CONVERSION = YES;
				CLANG_WARN_OBJC_IMPLICIT_RETAIN_SELF = YES;
				CLANG_WARN_OBJC_LITERAL_CONVERSION = YES;
				CLANG_WARN_OBJC_ROOT_CLASS = YES_ERROR;
				CLANG_WARN_QUOTED_INCLUDE_IN_FRAMEWORK_HEADER = YES;
				CLANG_WARN_RANGE_LOOP_ANALYSIS = YES;
				CLANG_WARN_STRICT_PROTOTYPES = YES;
				CLANG_WARN_SUSPICIOUS_MOVE = YES;
				CLANG_WARN_UNGUARDED_AVAILABILITY = YES_AGGRESSIVE;
				CLANG_WARN_UNREACHABLE_CODE = YES;
				CLANG_WARN__DUPLICATE_METHOD_MATCH = YES;
				COPY_PHASE_STRIP = NO;
				DEBUG_INFORMATION_FORMAT = dwarf;
				ENABLE_STRICT_OBJC_MSGSEND = YES;
				ENABLE_TESTABILITY = YES;
				GCC_C_LANGUAGE_STANDARD = gnu11;
				GCC_DYNAMIC_NO_PIC = NO;
				GCC_NO_COMMON_BLOCKS = YES;
				GCC_OPTIMIZATION_LEVEL = 0;
				GCC_PREPROCESSOR_DEFINITIONS = (
					"DEBUG=1",
					"$(inherited)",
				);
				GCC_WARN_64_TO_32_BIT_CONVERSION = YES;
				GCC_WARN_ABOUT_RETURN_TYPE = YES_ERROR;
				GCC_WARN_UNDECLARED_SELECTOR = YES;
				GCC_WARN_UNINITIALIZED_AUTOS = YES_AGGRESSIVE;
				GCC_WARN_UNUSED_FUNCTION = YES;
				GCC_WARN_UNUSED_VARIABLE = YES;
				IPHONEOS_DEPLOYMENT_TARGET = 13.0;
				MTL_ENABLE_DEBUG_INFO = INCLUDE_SOURCE;
				MTL_FAST_MATH = YES;
				ONLY_ACTIVE_ARCH = YES;
				SDKROOT = iphoneos;
				SWIFT_ACTIVE_COMPILATION_CONDITIONS = DEBUG;
				SWIFT_OPTIMIZATION_LEVEL = "-Onone";
			};
			name = Debug;
		};
		17BEDE1B28559A75001AF6BC /* Release */ = {
			isa = XCBuildConfiguration;
			buildSettings = {
				ALWAYS_SEARCH_USER_PATHS = NO;
				CLANG_ANALYZER_NONNULL = YES;
				CLANG_ANALYZER_NUMBER_OBJECT_CONVERSION = YES_AGGRESSIVE;
				CLANG_CXX_LANGUAGE_STANDARD = "gnu++17";
				CLANG_ENABLE_MODULES = YES;
				CLANG_ENABLE_OBJC_ARC = YES;
				CLANG_ENABLE_OBJC_WEAK = YES;
				CLANG_WARN_BLOCK_CAPTURE_AUTORELEASING = YES;
				CLANG_WARN_BOOL_CONVERSION = YES;
				CLANG_WARN_COMMA = YES;
				CLANG_WARN_CONSTANT_CONVERSION = YES;
				CLANG_WARN_DEPRECATED_OBJC_IMPLEMENTATIONS = YES;
				CLANG_WARN_DIRECT_OBJC_ISA_USAGE = YES_ERROR;
				CLANG_WARN_DOCUMENTATION_COMMENTS = YES;
				CLANG_WARN_EMPTY_BODY = YES;
				CLANG_WARN_ENUM_CONVERSION = YES;
				CLANG_WARN_INFINITE_RECURSION = YES;
				CLANG_WARN_INT_CONVERSION = YES;
				CLANG_WARN_NON_LITERAL_NULL_CONVERSION = YES;
				CLANG_WARN_OBJC_IMPLICIT_RETAIN_SELF = YES;
				CLANG_WARN_OBJC_LITERAL_CONVERSION = YES;
				CLANG_WARN_OBJC_ROOT_CLASS = YES_ERROR;
				CLANG_WARN_QUOTED_INCLUDE_IN_FRAMEWORK_HEADER = YES;
				CLANG_WARN_RANGE_LOOP_ANALYSIS = YES;
				CLANG_WARN_STRICT_PROTOTYPES = YES;
				CLANG_WARN_SUSPICIOUS_MOVE = YES;
				CLANG_WARN_UNGUARDED_AVAILABILITY = YES_AGGRESSIVE;
				CLANG_WARN_UNREACHABLE_CODE = YES;
				CLANG_WARN__DUPLICATE_METHOD_MATCH = YES;
				COPY_PHASE_STRIP = NO;
				DEBUG_INFORMATION_FORMAT = "dwarf-with-dsym";
				ENABLE_NS_ASSERTIONS = NO;
				ENABLE_STRICT_OBJC_MSGSEND = YES;
				GCC_C_LANGUAGE_STANDARD = gnu11;
				GCC_NO_COMMON_BLOCKS = YES;
				GCC_WARN_64_TO_32_BIT_CONVERSION = YES;
				GCC_WARN_ABOUT_RETURN_TYPE = YES_ERROR;
				GCC_WARN_UNDECLARED_SELECTOR = YES;
				GCC_WARN_UNINITIALIZED_AUTOS = YES_AGGRESSIVE;
				GCC_WARN_UNUSED_FUNCTION = YES;
				GCC_WARN_UNUSED_VARIABLE = YES;
				IPHONEOS_DEPLOYMENT_TARGET = 13.0;
				MTL_ENABLE_DEBUG_INFO = NO;
				MTL_FAST_MATH = YES;
				SDKROOT = iphoneos;
				SWIFT_COMPILATION_MODE = wholemodule;
				SWIFT_OPTIMIZATION_LEVEL = "-O";
				VALIDATE_PRODUCT = YES;
			};
			name = Release;
		};
		17BEDE1D28559A75001AF6BC /* Debug */ = {
			isa = XCBuildConfiguration;
			baseConfigurationReference = BCC738112AE434B6B8A71746 /* Pods-Walkie-Talkie POC.debug.xcconfig */;
			buildSettings = {
				ASSETCATALOG_COMPILER_APPICON_NAME = AppIcon;
				ASSETCATALOG_COMPILER_GLOBAL_ACCENT_COLOR_NAME = AccentColor;
				CODE_SIGN_STYLE = Automatic;
				CURRENT_PROJECT_VERSION = 1;
				DEVELOPMENT_TEAM = AZE7MN3J67;
				GENERATE_INFOPLIST_FILE = YES;
				INFOPLIST_FILE = "Walkie-Talkie POC/Info.plist";
				INFOPLIST_KEY_UIApplicationSupportsIndirectInputEvents = YES;
				INFOPLIST_KEY_UILaunchStoryboardName = LaunchScreen;
				INFOPLIST_KEY_UIMainStoryboardFile = LaunchScreen;
				INFOPLIST_KEY_UISupportedInterfaceOrientations_iPad = "UIInterfaceOrientationPortrait UIInterfaceOrientationPortraitUpsideDown UIInterfaceOrientationLandscapeLeft UIInterfaceOrientationLandscapeRight";
				INFOPLIST_KEY_UISupportedInterfaceOrientations_iPhone = "UIInterfaceOrientationPortrait UIInterfaceOrientationLandscapeLeft UIInterfaceOrientationLandscapeRight";
				LD_RUNPATH_SEARCH_PATHS = (
					"$(inherited)",
					"@executable_path/Frameworks",
				);
				MARKETING_VERSION = 1.0;
				PRODUCT_BUNDLE_IDENTIFIER = "Myapp.Walkie-Talkie-POC";
				PRODUCT_NAME = "$(TARGET_NAME)";
				SWIFT_EMIT_LOC_STRINGS = YES;
				SWIFT_VERSION = 5.0;
				TARGETED_DEVICE_FAMILY = "1,2";
			};
			name = Debug;
		};
		17BEDE1E28559A75001AF6BC /* Release */ = {
			isa = XCBuildConfiguration;
			baseConfigurationReference = C4BF4076EBF577B5812A55BE /* Pods-Walkie-Talkie POC.release.xcconfig */;
			buildSettings = {
				ASSETCATALOG_COMPILER_APPICON_NAME = AppIcon;
				ASSETCATALOG_COMPILER_GLOBAL_ACCENT_COLOR_NAME = AccentColor;
				CODE_SIGN_STYLE = Automatic;
				CURRENT_PROJECT_VERSION = 1;
				DEVELOPMENT_TEAM = AZE7MN3J67;
				GENERATE_INFOPLIST_FILE = YES;
				INFOPLIST_FILE = "Walkie-Talkie POC/Info.plist";
				INFOPLIST_KEY_UIApplicationSupportsIndirectInputEvents = YES;
				INFOPLIST_KEY_UILaunchStoryboardName = LaunchScreen;
				INFOPLIST_KEY_UIMainStoryboardFile = LaunchScreen;
				INFOPLIST_KEY_UISupportedInterfaceOrientations_iPad = "UIInterfaceOrientationPortrait UIInterfaceOrientationPortraitUpsideDown UIInterfaceOrientationLandscapeLeft UIInterfaceOrientationLandscapeRight";
				INFOPLIST_KEY_UISupportedInterfaceOrientations_iPhone = "UIInterfaceOrientationPortrait UIInterfaceOrientationLandscapeLeft UIInterfaceOrientationLandscapeRight";
				LD_RUNPATH_SEARCH_PATHS = (
					"$(inherited)",
					"@executable_path/Frameworks",
				);
				MARKETING_VERSION = 1.0;
				PRODUCT_BUNDLE_IDENTIFIER = "Myapp.Walkie-Talkie-POC";
				PRODUCT_NAME = "$(TARGET_NAME)";
				SWIFT_EMIT_LOC_STRINGS = YES;
				SWIFT_VERSION = 5.0;
				TARGETED_DEVICE_FAMILY = "1,2";
			};
			name = Release;
		};
		17BEDE2028559A75001AF6BC /* Debug */ = {
			isa = XCBuildConfiguration;
			baseConfigurationReference = 8F4F4B368C09ABFE1A035022 /* Pods-Walkie-Talkie POCTests.debug.xcconfig */;
			buildSettings = {
				ALWAYS_EMBED_SWIFT_STANDARD_LIBRARIES = YES;
				BUNDLE_LOADER = "$(TEST_HOST)";
				CODE_SIGN_STYLE = Automatic;
				CURRENT_PROJECT_VERSION = 1;
				DEVELOPMENT_TEAM = AZE7MN3J67;
				GENERATE_INFOPLIST_FILE = YES;
				IPHONEOS_DEPLOYMENT_TARGET = 15.5;
				MARKETING_VERSION = 1.0;
				PRODUCT_BUNDLE_IDENTIFIER = "Myapp.Walkie-Talkie-POCTests";
				PRODUCT_NAME = "$(TARGET_NAME)";
				SWIFT_EMIT_LOC_STRINGS = NO;
				SWIFT_VERSION = 5.0;
				TARGETED_DEVICE_FAMILY = "1,2";
				TEST_HOST = "$(BUILT_PRODUCTS_DIR)/Walkie-Talkie POC.app/Walkie-Talkie POC";
			};
			name = Debug;
		};
		17BEDE2128559A75001AF6BC /* Release */ = {
			isa = XCBuildConfiguration;
			baseConfigurationReference = 23089D8B249783E75815B86E /* Pods-Walkie-Talkie POCTests.release.xcconfig */;
			buildSettings = {
				ALWAYS_EMBED_SWIFT_STANDARD_LIBRARIES = YES;
				BUNDLE_LOADER = "$(TEST_HOST)";
				CODE_SIGN_STYLE = Automatic;
				CURRENT_PROJECT_VERSION = 1;
				DEVELOPMENT_TEAM = AZE7MN3J67;
				GENERATE_INFOPLIST_FILE = YES;
				IPHONEOS_DEPLOYMENT_TARGET = 15.5;
				MARKETING_VERSION = 1.0;
				PRODUCT_BUNDLE_IDENTIFIER = "Myapp.Walkie-Talkie-POCTests";
				PRODUCT_NAME = "$(TARGET_NAME)";
				SWIFT_EMIT_LOC_STRINGS = NO;
				SWIFT_VERSION = 5.0;
				TARGETED_DEVICE_FAMILY = "1,2";
				TEST_HOST = "$(BUILT_PRODUCTS_DIR)/Walkie-Talkie POC.app/Walkie-Talkie POC";
			};
			name = Release;
		};
		17BEDE2328559A75001AF6BC /* Debug */ = {
			isa = XCBuildConfiguration;
			buildSettings = {
				ALWAYS_EMBED_SWIFT_STANDARD_LIBRARIES = YES;
				CODE_SIGN_STYLE = Automatic;
				CURRENT_PROJECT_VERSION = 1;
				DEVELOPMENT_TEAM = AZE7MN3J67;
				GENERATE_INFOPLIST_FILE = YES;
				MARKETING_VERSION = 1.0;
				PRODUCT_BUNDLE_IDENTIFIER = "Myapp.Walkie-Talkie-POCUITests";
				PRODUCT_NAME = "$(TARGET_NAME)";
				SWIFT_EMIT_LOC_STRINGS = NO;
				SWIFT_VERSION = 5.0;
				TARGETED_DEVICE_FAMILY = "1,2";
				TEST_TARGET_NAME = "Walkie-Talkie POC";
			};
			name = Debug;
		};
		17BEDE2428559A75001AF6BC /* Release */ = {
			isa = XCBuildConfiguration;
			buildSettings = {
				ALWAYS_EMBED_SWIFT_STANDARD_LIBRARIES = YES;
				CODE_SIGN_STYLE = Automatic;
				CURRENT_PROJECT_VERSION = 1;
				DEVELOPMENT_TEAM = AZE7MN3J67;
				GENERATE_INFOPLIST_FILE = YES;
				MARKETING_VERSION = 1.0;
				PRODUCT_BUNDLE_IDENTIFIER = "Myapp.Walkie-Talkie-POCUITests";
				PRODUCT_NAME = "$(TARGET_NAME)";
				SWIFT_EMIT_LOC_STRINGS = NO;
				SWIFT_VERSION = 5.0;
				TARGETED_DEVICE_FAMILY = "1,2";
				TEST_TARGET_NAME = "Walkie-Talkie POC";
			};
			name = Release;
		};
/* End XCBuildConfiguration section */

/* Begin XCConfigurationList section */
		17BEDDEA28559A71001AF6BC /* Build configuration list for PBXProject "Walkie-Talkie POC" */ = {
			isa = XCConfigurationList;
			buildConfigurations = (
				17BEDE1A28559A75001AF6BC /* Debug */,
				17BEDE1B28559A75001AF6BC /* Release */,
			);
			defaultConfigurationIsVisible = 0;
			defaultConfigurationName = Release;
		};
		17BEDE1C28559A75001AF6BC /* Build configuration list for PBXNativeTarget "Walkie-Talkie POC" */ = {
			isa = XCConfigurationList;
			buildConfigurations = (
				17BEDE1D28559A75001AF6BC /* Debug */,
				17BEDE1E28559A75001AF6BC /* Release */,
			);
			defaultConfigurationIsVisible = 0;
			defaultConfigurationName = Release;
		};
		17BEDE1F28559A75001AF6BC /* Build configuration list for PBXNativeTarget "Walkie-Talkie POCTests" */ = {
			isa = XCConfigurationList;
			buildConfigurations = (
				17BEDE2028559A75001AF6BC /* Debug */,
				17BEDE2128559A75001AF6BC /* Release */,
			);
			defaultConfigurationIsVisible = 0;
			defaultConfigurationName = Release;
		};
		17BEDE2228559A75001AF6BC /* Build configuration list for PBXNativeTarget "Walkie-Talkie POCUITests" */ = {
			isa = XCConfigurationList;
			buildConfigurations = (
				17BEDE2328559A75001AF6BC /* Debug */,
				17BEDE2428559A75001AF6BC /* Release */,
			);
			defaultConfigurationIsVisible = 0;
			defaultConfigurationName = Release;
		};
/* End XCConfigurationList section */

/* Begin XCVersionGroup section */
		17BEDDFB28559A71001AF6BC /* Walkie_Talkie_POC.xcdatamodeld */ = {
			isa = XCVersionGroup;
			children = (
				17BEDDFC28559A71001AF6BC /* Walkie_Talkie_POC.xcdatamodel */,
			);
			currentVersion = 17BEDDFC28559A71001AF6BC /* Walkie_Talkie_POC.xcdatamodel */;
			path = Walkie_Talkie_POC.xcdatamodeld;
			sourceTree = "<group>";
			versionGroupType = wrapper.xcdatamodel;
		};
/* End XCVersionGroup section */
	};
	rootObject = 17BEDDE728559A71001AF6BC /* Project object */;
}
