// !$*UTF8*$!
{
	archiveVersion = 1;
	classes = {
	};
	objectVersion = 55;
	objects = {

/* Begin PBXBuildFile section */
		17BEDDF328559A71001AF6BC /* AppDelegate.swift in Sources */ = {isa = PBXBuildFile; fileRef = 17BEDDF228559A71001AF6BC /* AppDelegate.swift */; };
		17BEDDF528559A71001AF6BC /* SceneDelegate.swift in Sources */ = {isa = PBXBuildFile; fileRef = 17BEDDF428559A71001AF6BC /* SceneDelegate.swift */; };
		17BEDDF728559A71001AF6BC /* ViewController.swift in Sources */ = {isa = PBXBuildFile; fileRef = 17BEDDF628559A71001AF6BC /* ViewController.swift */; };
		17BEDDFA28559A71001AF6BC /* Main.storyboard in Resources */ = {isa = PBXBuildFile; fileRef = 17BEDDF828559A71001AF6BC /* Main.storyboard */; };
		17BEDDFD28559A71001AF6BC /* Walkie_Talkie_POC.xcdatamodeld in Sources */ = {isa = PBXBuildFile; fileRef = 17BEDDFB28559A71001AF6BC /* Walkie_Talkie_POC.xcdatamodeld */; };
		17BEDDFF28559A75001AF6BC /* Assets.xcassets in Resources */ = {isa = PBXBuildFile; fileRef = 17BEDDFE28559A75001AF6BC /* Assets.xcassets */; };
		17BEDE0228559A75001AF6BC /* LaunchScreen.storyboard in Resources */ = {isa = PBXBuildFile; fileRef = 17BEDE0028559A75001AF6BC /* LaunchScreen.storyboard */; };
		17BEDE0D28559A75001AF6BC /* Walkie_Talkie_POCTests.swift in Sources */ = {isa = PBXBuildFile; fileRef = 17BEDE0C28559A75001AF6BC /* Walkie_Talkie_POCTests.swift */; };
		17BEDE1728559A75001AF6BC /* Walkie_Talkie_POCUITests.swift in Sources */ = {isa = PBXBuildFile; fileRef = 17BEDE1628559A75001AF6BC /* Walkie_Talkie_POCUITests.swift */; };
		17BEDE1928559A75001AF6BC /* Walkie_Talkie_POCUITestsLaunchTests.swift in Sources */ = {isa = PBXBuildFile; fileRef = 17BEDE1828559A75001AF6BC /* Walkie_Talkie_POCUITestsLaunchTests.swift */; };
		17BEDE2828559A9D001AF6BC /* LoginView.xib in Resources */ = {isa = PBXBuildFile; fileRef = 17BEDE2728559A9D001AF6BC /* LoginView.xib */; };
		17BEDE2A28559AAD001AF6BC /* LoginView.swift in Sources */ = {isa = PBXBuildFile; fileRef = 17BEDE2928559AAD001AF6BC /* LoginView.swift */; };
		17CBCD6B288A3ACB00410648 /* Login.swift in Sources */ = {isa = PBXBuildFile; fileRef = 17CBCD6A288A3ACB00410648 /* Login.swift */; };
		17CBCD6E288A46F900410648 /* TextfieldExtension.swift in Sources */ = {isa = PBXBuildFile; fileRef = 17CBCD6D288A46F900410648 /* TextfieldExtension.swift */; };
		17CBCD70288A4B6E00410648 /* Constant.swift in Sources */ = {isa = PBXBuildFile; fileRef = 17CBCD6F288A4B6E00410648 /* Constant.swift */; };
/* End PBXBuildFile section */

/* Begin PBXContainerItemProxy section */
		17BEDE0928559A75001AF6BC /* PBXContainerItemProxy */ = {
			isa = PBXContainerItemProxy;
			containerPortal = 17BEDDE728559A71001AF6BC /* Project object */;
			proxyType = 1;
			remoteGlobalIDString = 17BEDDEE28559A71001AF6BC;
			remoteInfo = "Walkie-Talkie POC";
		};
		17BEDE1328559A75001AF6BC /* PBXContainerItemProxy */ = {
			isa = PBXContainerItemProxy;
			containerPortal = 17BEDDE728559A71001AF6BC /* Project object */;
			proxyType = 1;
			remoteGlobalIDString = 17BEDDEE28559A71001AF6BC;
			remoteInfo = "Walkie-Talkie POC";
		};
/* End PBXContainerItemProxy section */

/* Begin PBXFileReference section */
		17BEDDEF28559A71001AF6BC /* Walkie-Talkie POC.app */ = {isa = PBXFileReference; explicitFileType = wrapper.application; includeInIndex = 0; path = "Walkie-Talkie POC.app"; sourceTree = BUILT_PRODUCTS_DIR; };
		17BEDDF228559A71001AF6BC /* AppDelegate.swift */ = {isa = PBXFileReference; lastKnownFileType = sourcecode.swift; path = AppDelegate.swift; sourceTree = "<group>"; };
		17BEDDF428559A71001AF6BC /* SceneDelegate.swift */ = {isa = PBXFileReference; lastKnownFileType = sourcecode.swift; path = SceneDelegate.swift; sourceTree = "<group>"; };
		17BEDDF628559A71001AF6BC /* ViewController.swift */ = {isa = PBXFileReference; lastKnownFileType = sourcecode.swift; path = ViewController.swift; sourceTree = "<group>"; };
		17BEDDF928559A71001AF6BC /* Base */ = {isa = PBXFileReference; lastKnownFileType = file.storyboard; name = Base; path = Base.lproj/Main.storyboard; sourceTree = "<group>"; };
		17BEDDFC28559A71001AF6BC /* Walkie_Talkie_POC.xcdatamodel */ = {isa = PBXFileReference; lastKnownFileType = wrapper.xcdatamodel; path = Walkie_Talkie_POC.xcdatamodel; sourceTree = "<group>"; };
		17BEDDFE28559A75001AF6BC /* Assets.xcassets */ = {isa = PBXFileReference; lastKnownFileType = folder.assetcatalog; path = Assets.xcassets; sourceTree = "<group>"; };
		17BEDE0128559A75001AF6BC /* Base */ = {isa = PBXFileReference; lastKnownFileType = file.storyboard; name = Base; path = Base.lproj/LaunchScreen.storyboard; sourceTree = "<group>"; };
		17BEDE0328559A75001AF6BC /* Info.plist */ = {isa = PBXFileReference; lastKnownFileType = text.plist.xml; path = Info.plist; sourceTree = "<group>"; };
		17BEDE0828559A75001AF6BC /* Walkie-Talkie POCTests.xctest */ = {isa = PBXFileReference; explicitFileType = wrapper.cfbundle; includeInIndex = 0; path = "Walkie-Talkie POCTests.xctest"; sourceTree = BUILT_PRODUCTS_DIR; };
		17BEDE0C28559A75001AF6BC /* Walkie_Talkie_POCTests.swift */ = {isa = PBXFileReference; lastKnownFileType = sourcecode.swift; path = Walkie_Talkie_POCTests.swift; sourceTree = "<group>"; };
		17BEDE1228559A75001AF6BC /* Walkie-Talkie POCUITests.xctest */ = {isa = PBXFileReference; explicitFileType = wrapper.cfbundle; includeInIndex = 0; path = "Walkie-Talkie POCUITests.xctest"; sourceTree = BUILT_PRODUCTS_DIR; };
		17BEDE1628559A75001AF6BC /* Walkie_Talkie_POCUITests.swift */ = {isa = PBXFileReference; lastKnownFileType = sourcecode.swift; path = Walkie_Talkie_POCUITests.swift; sourceTree = "<group>"; };
		17BEDE1828559A75001AF6BC /* Walkie_Talkie_POCUITestsLaunchTests.swift */ = {isa = PBXFileReference; lastKnownFileType = sourcecode.swift; path = Walkie_Talkie_POCUITestsLaunchTests.swift; sourceTree = "<group>"; };
		17BEDE2728559A9D001AF6BC /* LoginView.xib */ = {isa = PBXFileReference; lastKnownFileType = file.xib; path = LoginView.xib; sourceTree = "<group>"; };
		17BEDE2928559AAD001AF6BC /* LoginView.swift */ = {isa = PBXFileReference; lastKnownFileType = sourcecode.swift; path = LoginView.swift; sourceTree = "<group>"; };
		17CBCD6A288A3ACB00410648 /* Login.swift */ = {isa = PBXFileReference; lastKnownFileType = sourcecode.swift; path = Login.swift; sourceTree = "<group>"; };
		17CBCD6D288A46F900410648 /* TextfieldExtension.swift */ = {isa = PBXFileReference; lastKnownFileType = sourcecode.swift; path = TextfieldExtension.swift; sourceTree = "<group>"; };
		17CBCD6F288A4B6E00410648 /* Constant.swift */ = {isa = PBXFileReference; lastKnownFileType = sourcecode.swift; path = Constant.swift; sourceTree = "<group>"; };
/* End PBXFileReference section */

/* Begin PBXFrameworksBuildPhase section */
		17BEDDEC28559A71001AF6BC /* Frameworks */ = {
			isa = PBXFrameworksBuildPhase;
			buildActionMask = 2147483647;
			files = (
			);
			runOnlyForDeploymentPostprocessing = 0;
		};
		17BEDE0528559A75001AF6BC /* Frameworks */ = {
			isa = PBXFrameworksBuildPhase;
			buildActionMask = 2147483647;
			files = (
			);
			runOnlyForDeploymentPostprocessing = 0;
		};
		17BEDE0F28559A75001AF6BC /* Frameworks */ = {
			isa = PBXFrameworksBuildPhase;
			buildActionMask = 2147483647;
			files = (
			);
			runOnlyForDeploymentPostprocessing = 0;
		};
/* End PBXFrameworksBuildPhase section */

/* Begin PBXGroup section */
		17BEDDE628559A71001AF6BC = {
			isa = PBXGroup;
			children = (
				17BEDDF128559A71001AF6BC /* Walkie-Talkie POC */,
				17BEDE0B28559A75001AF6BC /* Walkie-Talkie POCTests */,
				17BEDE1528559A75001AF6BC /* Walkie-Talkie POCUITests */,
				17BEDDF028559A71001AF6BC /* Products */,
			);
			sourceTree = "<group>";
		};
		17BEDDF028559A71001AF6BC /* Products */ = {
			isa = PBXGroup;
			children = (
				17BEDDEF28559A71001AF6BC /* Walkie-Talkie POC.app */,
				17BEDE0828559A75001AF6BC /* Walkie-Talkie POCTests.xctest */,
				17BEDE1228559A75001AF6BC /* Walkie-Talkie POCUITests.xctest */,
			);
			name = Products;
			sourceTree = "<group>";
		};
		17BEDDF128559A71001AF6BC /* Walkie-Talkie POC */ = {
			isa = PBXGroup;
			children = (
				17CBCD6C288A46D000410648 /* Utils */,
				17CBCD69288A3AB700410648 /* Controller */,
				17BEDE2528559A7C001AF6BC /* View */,
				17BEDDF228559A71001AF6BC /* AppDelegate.swift */,
				17BEDDF428559A71001AF6BC /* SceneDelegate.swift */,
				17BEDDF628559A71001AF6BC /* ViewController.swift */,
				17BEDDF828559A71001AF6BC /* Main.storyboard */,
				17BEDDFE28559A75001AF6BC /* Assets.xcassets */,
				17BEDE0028559A75001AF6BC /* LaunchScreen.storyboard */,
				17BEDE0328559A75001AF6BC /* Info.plist */,
				17BEDDFB28559A71001AF6BC /* Walkie_Talkie_POC.xcdatamodeld */,
			);
			path = "Walkie-Talkie POC";
			sourceTree = "<group>";
		};
		17BEDE0B28559A75001AF6BC /* Walkie-Talkie POCTests */ = {
			isa = PBXGroup;
			children = (
				17BEDE0C28559A75001AF6BC /* Walkie_Talkie_POCTests.swift */,
			);
			path = "Walkie-Talkie POCTests";
			sourceTree = "<group>";
		};
		17BEDE1528559A75001AF6BC /* Walkie-Talkie POCUITests */ = {
			isa = PBXGroup;
			children = (
				17BEDE1628559A75001AF6BC /* Walkie_Talkie_POCUITests.swift */,
				17BEDE1828559A75001AF6BC /* Walkie_Talkie_POCUITestsLaunchTests.swift */,
			);
			path = "Walkie-Talkie POCUITests";
			sourceTree = "<group>";
		};
		17BEDE2528559A7C001AF6BC /* View */ = {
			isa = PBXGroup;
			children = (
				17BEDE2628559A89001AF6BC /* Login */,
			);
			path = View;
			sourceTree = "<group>";
		};
		17BEDE2628559A89001AF6BC /* Login */ = {
			isa = PBXGroup;
			children = (
				17BEDE2728559A9D001AF6BC /* LoginView.xib */,
				17BEDE2928559AAD001AF6BC /* LoginView.swift */,
			);
			path = Login;
			sourceTree = "<group>";
		};
		17CBCD69288A3AB700410648 /* Controller */ = {
			isa = PBXGroup;
			children = (
				17CBCD6A288A3ACB00410648 /* Login.swift */,
			);
			path = Controller;
			sourceTree = "<group>";
		};
		17CBCD6C288A46D000410648 /* Utils */ = {
			isa = PBXGroup;
			children = (
				17CBCD6D288A46F900410648 /* TextfieldExtension.swift */,
				17CBCD6F288A4B6E00410648 /* Constant.swift */,
			);
			path = Utils;
			sourceTree = "<group>";
		};
/* End PBXGroup section */

/* Begin PBXNativeTarget section */
		17BEDDEE28559A71001AF6BC /* Walkie-Talkie POC */ = {
			isa = PBXNativeTarget;
			buildConfigurationList = 17BEDE1C28559A75001AF6BC /* Build configuration list for PBXNativeTarget "Walkie-Talkie POC" */;
			buildPhases = (
				17BEDDEB28559A71001AF6BC /* Sources */,
				17BEDDEC28559A71001AF6BC /* Frameworks */,
				17BEDDED28559A71001AF6BC /* Resources */,
			);
			buildRules = (
			);
			dependencies = (
			);
			name = "Walkie-Talkie POC";
			productName = "Walkie-Talkie POC";
			productReference = 17BEDDEF28559A71001AF6BC /* Walkie-Talkie POC.app */;
			productType = "com.apple.product-type.application";
		};
		17BEDE0728559A75001AF6BC /* Walkie-Talkie POCTests */ = {
			isa = PBXNativeTarget;
			buildConfigurationList = 17BEDE1F28559A75001AF6BC /* Build configuration list for PBXNativeTarget "Walkie-Talkie POCTests" */;
			buildPhases = (
				17BEDE0428559A75001AF6BC /* Sources */,
				17BEDE0528559A75001AF6BC /* Frameworks */,
				17BEDE0628559A75001AF6BC /* Resources */,
			);
			buildRules = (
			);
			dependencies = (
				17BEDE0A28559A75001AF6BC /* PBXTargetDependency */,
			);
			name = "Walkie-Talkie POCTests";
			productName = "Walkie-Talkie POCTests";
			productReference = 17BEDE0828559A75001AF6BC /* Walkie-Talkie POCTests.xctest */;
			productType = "com.apple.product-type.bundle.unit-test";
		};
		17BEDE1128559A75001AF6BC /* Walkie-Talkie POCUITests */ = {
			isa = PBXNativeTarget;
			buildConfigurationList = 17BEDE2228559A75001AF6BC /* Build configuration list for PBXNativeTarget "Walkie-Talkie POCUITests" */;
			buildPhases = (
				17BEDE0E28559A75001AF6BC /* Sources */,
				17BEDE0F28559A75001AF6BC /* Frameworks */,
				17BEDE1028559A75001AF6BC /* Resources */,
			);
			buildRules = (
			);
			dependencies = (
				17BEDE1428559A75001AF6BC /* PBXTargetDependency */,
			);
			name = "Walkie-Talkie POCUITests";
			productName = "Walkie-Talkie POCUITests";
			productReference = 17BEDE1228559A75001AF6BC /* Walkie-Talkie POCUITests.xctest */;
			productType = "com.apple.product-type.bundle.ui-testing";
		};
/* End PBXNativeTarget section */

/* Begin PBXProject section */
		17BEDDE728559A71001AF6BC /* Project object */ = {
			isa = PBXProject;
			attributes = {
				BuildIndependentTargetsInParallel = 1;
				LastSwiftUpdateCheck = 1340;
				LastUpgradeCheck = 1340;
				TargetAttributes = {
					17BEDDEE28559A71001AF6BC = {
						CreatedOnToolsVersion = 13.4;
					};
					17BEDE0728559A75001AF6BC = {
						CreatedOnToolsVersion = 13.4;
						TestTargetID = 17BEDDEE28559A71001AF6BC;
					};
					17BEDE1128559A75001AF6BC = {
						CreatedOnToolsVersion = 13.4;
						TestTargetID = 17BEDDEE28559A71001AF6BC;
					};
				};
			};
			buildConfigurationList = 17BEDDEA28559A71001AF6BC /* Build configuration list for PBXProject "Walkie-Talkie POC" */;
			compatibilityVersion = "Xcode 13.0";
			developmentRegion = en;
			hasScannedForEncodings = 0;
			knownRegions = (
				en,
				Base,
			);
			mainGroup = 17BEDDE628559A71001AF6BC;
			productRefGroup = 17BEDDF028559A71001AF6BC /* Products */;
			projectDirPath = "";
			projectRoot = "";
			targets = (
				17BEDDEE28559A71001AF6BC /* Walkie-Talkie POC */,
				17BEDE0728559A75001AF6BC /* Walkie-Talkie POCTests */,
				17BEDE1128559A75001AF6BC /* Walkie-Talkie POCUITests */,
			);
		};
/* End PBXProject section */

/* Begin PBXResourcesBuildPhase section */
		17BEDDED28559A71001AF6BC /* Resources */ = {
			isa = PBXResourcesBuildPhase;
			buildActionMask = 2147483647;
			files = (
				17BEDE0228559A75001AF6BC /* LaunchScreen.storyboard in Resources */,
				17BEDDFF28559A75001AF6BC /* Assets.xcassets in Resources */,
				17BEDE2828559A9D001AF6BC /* LoginView.xib in Resources */,
				17BEDDFA28559A71001AF6BC /* Main.storyboard in Resources */,
			);
			runOnlyForDeploymentPostprocessing = 0;
		};
		17BEDE0628559A75001AF6BC /* Resources */ = {
			isa = PBXResourcesBuildPhase;
			buildActionMask = 2147483647;
			files = (
			);
			runOnlyForDeploymentPostprocessing = 0;
		};
		17BEDE1028559A75001AF6BC /* Resources */ = {
			isa = PBXResourcesBuildPhase;
			buildActionMask = 2147483647;
			files = (
			);
			runOnlyForDeploymentPostprocessing = 0;
		};
/* End PBXResourcesBuildPhase section */

/* Begin PBXSourcesBuildPhase section */
		17BEDDEB28559A71001AF6BC /* Sources */ = {
			isa = PBXSourcesBuildPhase;
			buildActionMask = 2147483647;
			files = (
				17BEDDF728559A71001AF6BC /* ViewController.swift in Sources */,
				17BEDDFD28559A71001AF6BC /* Walkie_Talkie_POC.xcdatamodeld in Sources */,
				17BEDDF328559A71001AF6BC /* AppDelegate.swift in Sources */,
				17CBCD70288A4B6E00410648 /* Constant.swift in Sources */,
				17CBCD6B288A3ACB00410648 /* Login.swift in Sources */,
				17BEDE2A28559AAD001AF6BC /* LoginView.swift in Sources */,
				17BEDDF528559A71001AF6BC /* SceneDelegate.swift in Sources */,
				17CBCD6E288A46F900410648 /* TextfieldExtension.swift in Sources */,
			);
			runOnlyForDeploymentPostprocessing = 0;
		};
		17BEDE0428559A75001AF6BC /* Sources */ = {
			isa = PBXSourcesBuildPhase;
			buildActionMask = 2147483647;
			files = (
				17BEDE0D28559A75001AF6BC /* Walkie_Talkie_POCTests.swift in Sources */,
			);
			runOnlyForDeploymentPostprocessing = 0;
		};
		17BEDE0E28559A75001AF6BC /* Sources */ = {
			isa = PBXSourcesBuildPhase;
			buildActionMask = 2147483647;
			files = (
				17BEDE1928559A75001AF6BC /* Walkie_Talkie_POCUITestsLaunchTests.swift in Sources */,
				17BEDE1728559A75001AF6BC /* Walkie_Talkie_POCUITests.swift in Sources */,
			);
			runOnlyForDeploymentPostprocessing = 0;
		};
/* End PBXSourcesBuildPhase section */

/* Begin PBXTargetDependency section */
		17BEDE0A28559A75001AF6BC /* PBXTargetDependency */ = {
			isa = PBXTargetDependency;
			target = 17BEDDEE28559A71001AF6BC /* Walkie-Talkie POC */;
			targetProxy = 17BEDE0928559A75001AF6BC /* PBXContainerItemProxy */;
		};
		17BEDE1428559A75001AF6BC /* PBXTargetDependency */ = {
			isa = PBXTargetDependency;
			target = 17BEDDEE28559A71001AF6BC /* Walkie-Talkie POC */;
			targetProxy = 17BEDE1328559A75001AF6BC /* PBXContainerItemProxy */;
		};
/* End PBXTargetDependency section */

/* Begin PBXVariantGroup section */
		17BEDDF828559A71001AF6BC /* Main.storyboard */ = {
			isa = PBXVariantGroup;
			children = (
				17BEDDF928559A71001AF6BC /* Base */,
			);
			name = Main.storyboard;
			sourceTree = "<group>";
		};
		17BEDE0028559A75001AF6BC /* LaunchScreen.storyboard */ = {
			isa = PBXVariantGroup;
			children = (
				17BEDE0128559A75001AF6BC /* Base */,
			);
			name = LaunchScreen.storyboard;
			sourceTree = "<group>";
		};
/* End PBXVariantGroup section */

/* Begin XCBuildConfiguration section */
		17BEDE1A28559A75001AF6BC /* Debug */ = {
			isa = XCBuildConfiguration;
			buildSettings = {
				ALWAYS_SEARCH_USER_PATHS = NO;
				CLANG_ANALYZER_NONNULL = YES;
				CLANG_ANALYZER_NUMBER_OBJECT_CONVERSION = YES_AGGRESSIVE;
				CLANG_CXX_LANGUAGE_STANDARD = "gnu++17";
				CLANG_ENABLE_MODULES = YES;
				CLANG_ENABLE_OBJC_ARC = YES;
				CLANG_ENABLE_OBJC_WEAK = YES;
				CLANG_WARN_BLOCK_CAPTURE_AUTORELEASING = YES;
				CLANG_WARN_BOOL_CONVERSION = YES;
				CLANG_WARN_COMMA = YES;
				CLANG_WARN_CONSTANT_CONVERSION = YES;
				CLANG_WARN_DEPRECATED_OBJC_IMPLEMENTATIONS = YES;
				CLANG_WARN_DIRECT_OBJC_ISA_USAGE = YES_ERROR;
				CLANG_WARN_DOCUMENTATION_COMMENTS = YES;
				CLANG_WARN_EMPTY_BODY = YES;
				CLANG_WARN_ENUM_CONVERSION = YES;
				CLANG_WARN_INFINITE_RECURSION = YES;
				CLANG_WARN_INT_CONVERSION = YES;
				CLANG_WARN_NON_LITERAL_NULL_CONVERSION = YES;
				CLANG_WARN_OBJC_IMPLICIT_RETAIN_SELF = YES;
				CLANG_WARN_OBJC_LITERAL_CONVERSION = YES;
				CLANG_WARN_OBJC_ROOT_CLASS = YES_ERROR;
				CLANG_WARN_QUOTED_INCLUDE_IN_FRAMEWORK_HEADER = YES;
				CLANG_WARN_RANGE_LOOP_ANALYSIS = YES;
				CLANG_WARN_STRICT_PROTOTYPES = YES;
				CLANG_WARN_SUSPICIOUS_MOVE = YES;
				CLANG_WARN_UNGUARDED_AVAILABILITY = YES_AGGRESSIVE;
				CLANG_WARN_UNREACHABLE_CODE = YES;
				CLANG_WARN__DUPLICATE_METHOD_MATCH = YES;
				COPY_PHASE_STRIP = NO;
				DEBUG_INFORMATION_FORMAT = dwarf;
				ENABLE_STRICT_OBJC_MSGSEND = YES;
				ENABLE_TESTABILITY = YES;
				GCC_C_LANGUAGE_STANDARD = gnu11;
				GCC_DYNAMIC_NO_PIC = NO;
				GCC_NO_COMMON_BLOCKS = YES;
				GCC_OPTIMIZATION_LEVEL = 0;
				GCC_PREPROCESSOR_DEFINITIONS = (
					"DEBUG=1",
					"$(inherited)",
				);
				GCC_WARN_64_TO_32_BIT_CONVERSION = YES;
				GCC_WARN_ABOUT_RETURN_TYPE = YES_ERROR;
				GCC_WARN_UNDECLARED_SELECTOR = YES;
				GCC_WARN_UNINITIALIZED_AUTOS = YES_AGGRESSIVE;
				GCC_WARN_UNUSED_FUNCTION = YES;
				GCC_WARN_UNUSED_VARIABLE = YES;
				IPHONEOS_DEPLOYMENT_TARGET = 15.5;
				MTL_ENABLE_DEBUG_INFO = INCLUDE_SOURCE;
				MTL_FAST_MATH = YES;
				ONLY_ACTIVE_ARCH = YES;
				SDKROOT = iphoneos;
				SWIFT_ACTIVE_COMPILATION_CONDITIONS = DEBUG;
				SWIFT_OPTIMIZATION_LEVEL = "-Onone";
			};
			name = Debug;
		};
		17BEDE1B28559A75001AF6BC /* Release */ = {
			isa = XCBuildConfiguration;
			buildSettings = {
				ALWAYS_SEARCH_USER_PATHS = NO;
				CLANG_ANALYZER_NONNULL = YES;
				CLANG_ANALYZER_NUMBER_OBJECT_CONVERSION = YES_AGGRESSIVE;
				CLANG_CXX_LANGUAGE_STANDARD = "gnu++17";
				CLANG_ENABLE_MODULES = YES;
				CLANG_ENABLE_OBJC_ARC = YES;
				CLANG_ENABLE_OBJC_WEAK = YES;
				CLANG_WARN_BLOCK_CAPTURE_AUTORELEASING = YES;
				CLANG_WARN_BOOL_CONVERSION = YES;
				CLANG_WARN_COMMA = YES;
				CLANG_WARN_CONSTANT_CONVERSION = YES;
				CLANG_WARN_DEPRECATED_OBJC_IMPLEMENTATIONS = YES;
				CLANG_WARN_DIRECT_OBJC_ISA_USAGE = YES_ERROR;
				CLANG_WARN_DOCUMENTATION_COMMENTS = YES;
				CLANG_WARN_EMPTY_BODY = YES;
				CLANG_WARN_ENUM_CONVERSION = YES;
				CLANG_WARN_INFINITE_RECURSION = YES;
				CLANG_WARN_INT_CONVERSION = YES;
				CLANG_WARN_NON_LITERAL_NULL_CONVERSION = YES;
				CLANG_WARN_OBJC_IMPLICIT_RETAIN_SELF = YES;
				CLANG_WARN_OBJC_LITERAL_CONVERSION = YES;
				CLANG_WARN_OBJC_ROOT_CLASS = YES_ERROR;
				CLANG_WARN_QUOTED_INCLUDE_IN_FRAMEWORK_HEADER = YES;
				CLANG_WARN_RANGE_LOOP_ANALYSIS = YES;
				CLANG_WARN_STRICT_PROTOTYPES = YES;
				CLANG_WARN_SUSPICIOUS_MOVE = YES;
				CLANG_WARN_UNGUARDED_AVAILABILITY = YES_AGGRESSIVE;
				CLANG_WARN_UNREACHABLE_CODE = YES;
				CLANG_WARN__DUPLICATE_METHOD_MATCH = YES;
				COPY_PHASE_STRIP = NO;
				DEBUG_INFORMATION_FORMAT = "dwarf-with-dsym";
				ENABLE_NS_ASSERTIONS = NO;
				ENABLE_STRICT_OBJC_MSGSEND = YES;
				GCC_C_LANGUAGE_STANDARD = gnu11;
				GCC_NO_COMMON_BLOCKS = YES;
				GCC_WARN_64_TO_32_BIT_CONVERSION = YES;
				GCC_WARN_ABOUT_RETURN_TYPE = YES_ERROR;
				GCC_WARN_UNDECLARED_SELECTOR = YES;
				GCC_WARN_UNINITIALIZED_AUTOS = YES_AGGRESSIVE;
				GCC_WARN_UNUSED_FUNCTION = YES;
				GCC_WARN_UNUSED_VARIABLE = YES;
				IPHONEOS_DEPLOYMENT_TARGET = 15.5;
				MTL_ENABLE_DEBUG_INFO = NO;
				MTL_FAST_MATH = YES;
				SDKROOT = iphoneos;
				SWIFT_COMPILATION_MODE = wholemodule;
				SWIFT_OPTIMIZATION_LEVEL = "-O";
				VALIDATE_PRODUCT = YES;
			};
			name = Release;
		};
		17BEDE1D28559A75001AF6BC /* Debug */ = {
			isa = XCBuildConfiguration;
			buildSettings = {
				ASSETCATALOG_COMPILER_APPICON_NAME = AppIcon;
				ASSETCATALOG_COMPILER_GLOBAL_ACCENT_COLOR_NAME = AccentColor;
				CODE_SIGN_STYLE = Automatic;
				CURRENT_PROJECT_VERSION = 1;
				DEVELOPMENT_TEAM = AZE7MN3J67;
				GENERATE_INFOPLIST_FILE = YES;
				INFOPLIST_FILE = "Walkie-Talkie POC/Info.plist";
				INFOPLIST_KEY_UIApplicationSupportsIndirectInputEvents = YES;
				INFOPLIST_KEY_UILaunchStoryboardName = LaunchScreen;
				INFOPLIST_KEY_UIMainStoryboardFile = LaunchScreen;
				INFOPLIST_KEY_UISupportedInterfaceOrientations_iPad = "UIInterfaceOrientationPortrait UIInterfaceOrientationPortraitUpsideDown UIInterfaceOrientationLandscapeLeft UIInterfaceOrientationLandscapeRight";
				INFOPLIST_KEY_UISupportedInterfaceOrientations_iPhone = "UIInterfaceOrientationPortrait UIInterfaceOrientationLandscapeLeft UIInterfaceOrientationLandscapeRight";
				LD_RUNPATH_SEARCH_PATHS = (
					"$(inherited)",
					"@executable_path/Frameworks",
				);
				MARKETING_VERSION = 1.0;
				PRODUCT_BUNDLE_IDENTIFIER = "Myapp.Walkie-Talkie-POC";
				PRODUCT_NAME = "$(TARGET_NAME)";
				SWIFT_EMIT_LOC_STRINGS = YES;
				SWIFT_VERSION = 5.0;
				TARGETED_DEVICE_FAMILY = "1,2";
			};
			name = Debug;
		};
		17BEDE1E28559A75001AF6BC /* Release */ = {
			isa = XCBuildConfiguration;
			buildSettings = {
				ASSETCATALOG_COMPILER_APPICON_NAME = AppIcon;
				ASSETCATALOG_COMPILER_GLOBAL_ACCENT_COLOR_NAME = AccentColor;
				CODE_SIGN_STYLE = Automatic;
				CURRENT_PROJECT_VERSION = 1;
				DEVELOPMENT_TEAM = AZE7MN3J67;
				GENERATE_INFOPLIST_FILE = YES;
				INFOPLIST_FILE = "Walkie-Talkie POC/Info.plist";
				INFOPLIST_KEY_UIApplicationSupportsIndirectInputEvents = YES;
				INFOPLIST_KEY_UILaunchStoryboardName = LaunchScreen;
				INFOPLIST_KEY_UIMainStoryboardFile = LaunchScreen;
				INFOPLIST_KEY_UISupportedInterfaceOrientations_iPad = "UIInterfaceOrientationPortrait UIInterfaceOrientationPortraitUpsideDown UIInterfaceOrientationLandscapeLeft UIInterfaceOrientationLandscapeRight";
				INFOPLIST_KEY_UISupportedInterfaceOrientations_iPhone = "UIInterfaceOrientationPortrait UIInterfaceOrientationLandscapeLeft UIInterfaceOrientationLandscapeRight";
				LD_RUNPATH_SEARCH_PATHS = (
					"$(inherited)",
					"@executable_path/Frameworks",
				);
				MARKETING_VERSION = 1.0;
				PRODUCT_BUNDLE_IDENTIFIER = "Myapp.Walkie-Talkie-POC";
				PRODUCT_NAME = "$(TARGET_NAME)";
				SWIFT_EMIT_LOC_STRINGS = YES;
				SWIFT_VERSION = 5.0;
				TARGETED_DEVICE_FAMILY = "1,2";
			};
			name = Release;
		};
		17BEDE2028559A75001AF6BC /* Debug */ = {
			isa = XCBuildConfiguration;
			buildSettings = {
				ALWAYS_EMBED_SWIFT_STANDARD_LIBRARIES = YES;
				BUNDLE_LOADER = "$(TEST_HOST)";
				CODE_SIGN_STYLE = Automatic;
				CURRENT_PROJECT_VERSION = 1;
				DEVELOPMENT_TEAM = AZE7MN3J67;
				GENERATE_INFOPLIST_FILE = YES;
				IPHONEOS_DEPLOYMENT_TARGET = 15.5;
				MARKETING_VERSION = 1.0;
				PRODUCT_BUNDLE_IDENTIFIER = "Myapp.Walkie-Talkie-POCTests";
				PRODUCT_NAME = "$(TARGET_NAME)";
				SWIFT_EMIT_LOC_STRINGS = NO;
				SWIFT_VERSION = 5.0;
				TARGETED_DEVICE_FAMILY = "1,2";
				TEST_HOST = "$(BUILT_PRODUCTS_DIR)/Walkie-Talkie POC.app/Walkie-Talkie POC";
			};
			name = Debug;
		};
		17BEDE2128559A75001AF6BC /* Release */ = {
			isa = XCBuildConfiguration;
			buildSettings = {
				ALWAYS_EMBED_SWIFT_STANDARD_LIBRARIES = YES;
				BUNDLE_LOADER = "$(TEST_HOST)";
				CODE_SIGN_STYLE = Automatic;
				CURRENT_PROJECT_VERSION = 1;
				DEVELOPMENT_TEAM = AZE7MN3J67;
				GENERATE_INFOPLIST_FILE = YES;
				IPHONEOS_DEPLOYMENT_TARGET = 15.5;
				MARKETING_VERSION = 1.0;
				PRODUCT_BUNDLE_IDENTIFIER = "Myapp.Walkie-Talkie-POCTests";
				PRODUCT_NAME = "$(TARGET_NAME)";
				SWIFT_EMIT_LOC_STRINGS = NO;
				SWIFT_VERSION = 5.0;
				TARGETED_DEVICE_FAMILY = "1,2";
				TEST_HOST = "$(BUILT_PRODUCTS_DIR)/Walkie-Talkie POC.app/Walkie-Talkie POC";
			};
			name = Release;
		};
		17BEDE2328559A75001AF6BC /* Debug */ = {
			isa = XCBuildConfiguration;
			buildSettings = {
				ALWAYS_EMBED_SWIFT_STANDARD_LIBRARIES = YES;
				CODE_SIGN_STYLE = Automatic;
				CURRENT_PROJECT_VERSION = 1;
				DEVELOPMENT_TEAM = AZE7MN3J67;
				GENERATE_INFOPLIST_FILE = YES;
				MARKETING_VERSION = 1.0;
				PRODUCT_BUNDLE_IDENTIFIER = "Myapp.Walkie-Talkie-POCUITests";
				PRODUCT_NAME = "$(TARGET_NAME)";
				SWIFT_EMIT_LOC_STRINGS = NO;
				SWIFT_VERSION = 5.0;
				TARGETED_DEVICE_FAMILY = "1,2";
				TEST_TARGET_NAME = "Walkie-Talkie POC";
			};
			name = Debug;
		};
		17BEDE2428559A75001AF6BC /* Release */ = {
			isa = XCBuildConfiguration;
			buildSettings = {
				ALWAYS_EMBED_SWIFT_STANDARD_LIBRARIES = YES;
				CODE_SIGN_STYLE = Automatic;
				CURRENT_PROJECT_VERSION = 1;
				DEVELOPMENT_TEAM = AZE7MN3J67;
				GENERATE_INFOPLIST_FILE = YES;
				MARKETING_VERSION = 1.0;
				PRODUCT_BUNDLE_IDENTIFIER = "Myapp.Walkie-Talkie-POCUITests";
				PRODUCT_NAME = "$(TARGET_NAME)";
				SWIFT_EMIT_LOC_STRINGS = NO;
				SWIFT_VERSION = 5.0;
				TARGETED_DEVICE_FAMILY = "1,2";
				TEST_TARGET_NAME = "Walkie-Talkie POC";
			};
			name = Release;
		};
/* End XCBuildConfiguration section */

/* Begin XCConfigurationList section */
		17BEDDEA28559A71001AF6BC /* Build configuration list for PBXProject "Walkie-Talkie POC" */ = {
			isa = XCConfigurationList;
			buildConfigurations = (
				17BEDE1A28559A75001AF6BC /* Debug */,
				17BEDE1B28559A75001AF6BC /* Release */,
			);
			defaultConfigurationIsVisible = 0;
			defaultConfigurationName = Release;
		};
		17BEDE1C28559A75001AF6BC /* Build configuration list for PBXNativeTarget "Walkie-Talkie POC" */ = {
			isa = XCConfigurationList;
			buildConfigurations = (
				17BEDE1D28559A75001AF6BC /* Debug */,
				17BEDE1E28559A75001AF6BC /* Release */,
			);
			defaultConfigurationIsVisible = 0;
			defaultConfigurationName = Release;
		};
		17BEDE1F28559A75001AF6BC /* Build configuration list for PBXNativeTarget "Walkie-Talkie POCTests" */ = {
			isa = XCConfigurationList;
			buildConfigurations = (
				17BEDE2028559A75001AF6BC /* Debug */,
				17BEDE2128559A75001AF6BC /* Release */,
			);
			defaultConfigurationIsVisible = 0;
			defaultConfigurationName = Release;
		};
		17BEDE2228559A75001AF6BC /* Build configuration list for PBXNativeTarget "Walkie-Talkie POCUITests" */ = {
			isa = XCConfigurationList;
			buildConfigurations = (
				17BEDE2328559A75001AF6BC /* Debug */,
				17BEDE2428559A75001AF6BC /* Release */,
			);
			defaultConfigurationIsVisible = 0;
			defaultConfigurationName = Release;
		};
/* End XCConfigurationList section */

/* Begin XCVersionGroup section */
		17BEDDFB28559A71001AF6BC /* Walkie_Talkie_POC.xcdatamodeld */ = {
			isa = XCVersionGroup;
			children = (
				17BEDDFC28559A71001AF6BC /* Walkie_Talkie_POC.xcdatamodel */,
			);
			currentVersion = 17BEDDFC28559A71001AF6BC /* Walkie_Talkie_POC.xcdatamodel */;
			path = Walkie_Talkie_POC.xcdatamodeld;
			sourceTree = "<group>";
			versionGroupType = wrapper.xcdatamodel;
		};
/* End XCVersionGroup section */
	};
	rootObject = 17BEDDE728559A71001AF6BC /* Project object */;
}
